
Microsoft Visual Studio Solution File, Format Version 12.00
# Visual Studio Version 17
VisualStudioVersion = 17.0.31903.59
MinimumVisualStudioVersion = 10.0.40219.1
Project("{2150E333-8FDC-42A3-9474-1A3956D46DE8}") = "Class", "Class", "{FC6AF28B-BC58-4486-96CC-AD27C0A2266B}"
EndProject
Project("{FAE04EC0-301F-11D3-BF4B-00C04F79EFBC}") = "1", "Class\1\1.csproj", "{BDDFEDE2-3412-40F2-9326-FBA0AFF8111D}"
EndProject
Project("{FAE04EC0-301F-11D3-BF4B-00C04F79EFBC}") = "calc", "Class\calc\calc.csproj", "{9B164ECF-CEA8-4B5C-B00D-B77B241FFA60}"
EndProject
Project("{FAE04EC0-301F-11D3-BF4B-00C04F79EFBC}") = "class_car", "Class\class_car\class_car.csproj", "{C9E5EFF1-E54B-4DF0-B1CB-CC9B58B492AA}"
EndProject
Project("{FAE04EC0-301F-11D3-BF4B-00C04F79EFBC}") = "Product", "Class\Product\Product.csproj", "{DB8C3D39-C33E-4DB9-B78E-0EDED6851EA5}"
EndProject
Project("{FAE04EC0-301F-11D3-BF4B-00C04F79EFBC}") = "user", "Class\user\user.csproj", "{6EA77CA6-20C4-4FF2-9DA7-0901F3E3548A}"
EndProject
Project("{2150E333-8FDC-42A3-9474-1A3956D46DE8}") = "Dictionary", "Dictionary", "{1DB0DA0A-91B1-4ABD-BB34-2B38978E34D3}"
EndProject
Project("{2150E333-8FDC-42A3-9474-1A3956D46DE8}") = "Dictionary1", "Dictionary1", "{EDA39F38-FF8F-4899-AC01-36A5878E1D01}"
EndProject
Project("{FAE04EC0-301F-11D3-BF4B-00C04F79EFBC}") = "Dictionary", "Dictionary\Dictionary1\Dictionary\Dictionary.csproj", "{806D784A-BF50-43CE-911C-81CBA7F45BDF}"
EndProject
Project("{FAE04EC0-301F-11D3-BF4B-00C04F79EFBC}") = "Library", "Dictionary\Dictionary1\Library\Library.csproj", "{4F238566-A3EA-4D90-BB9A-091BD9071EE5}"
EndProject
Project("{2150E333-8FDC-42A3-9474-1A3956D46DE8}") = "Dictionary2", "Dictionary2", "{6B7E1807-FAFF-4542-BAE7-90ECE5A1F042}"
EndProject
Project("{FAE04EC0-301F-11D3-BF4B-00C04F79EFBC}") = "Infracstructure", "Dictionary\Dictionary2\Infracstructure\Infracstructure.csproj", "{7404F0EC-536E-4C5B-8C92-EBDCFB125476}"
EndProject
Project("{FAE04EC0-301F-11D3-BF4B-00C04F79EFBC}") = "Phone", "Dictionary\Dictionary2\Phone\Phone.csproj", "{DCBBC61B-4641-46BA-9B84-676C3DE6AAEF}"
EndProject
Project("{2150E333-8FDC-42A3-9474-1A3956D46DE8}") = "Dictionary3", "Dictionary3", "{8271BC07-E7ED-418B-96CE-7577AEA475D7}"
EndProject
Project("{FAE04EC0-301F-11D3-BF4B-00C04F79EFBC}") = "GradeSystem", "Dictionary\Dictionary3\GradeSystem\GradeSystem.csproj", "{4BB4940D-F045-4EE5-A11B-6B29DF208998}"
EndProject
Project("{FAE04EC0-301F-11D3-BF4B-00C04F79EFBC}") = "Infrastructure", "Dictionary\Dictionary3\Infrastructure\Infrastructure.csproj", "{B28F63AC-15A8-437E-9C39-2DBEA9F188E2}"
EndProject
Project("{2150E333-8FDC-42A3-9474-1A3956D46DE8}") = "Exam", "Exam", "{C626DF49-45A5-4FD7-8121-57B49667BB9E}"
EndProject
Project("{FAE04EC0-301F-11D3-BF4B-00C04F79EFBC}") = "ClassLibrary", "Dictionary\Exam\ClassLibrary\ClassLibrary.csproj", "{3656F282-3C26-4682-A6AD-CDB821035E09}"
EndProject
Project("{FAE04EC0-301F-11D3-BF4B-00C04F79EFBC}") = "Project", "Dictionary\Exam\Project\Project.csproj", "{7EA5FD71-DF35-4894-9F55-E179BC2BBA71}"
EndProject
Project("{2150E333-8FDC-42A3-9474-1A3956D46DE8}") = "Exam", "Exam", "{1A455334-20B9-4C6B-864A-78A4D918844C}"
EndProject
Project("{FAE04EC0-301F-11D3-BF4B-00C04F79EFBC}") = "Console", "Exam\Console\Console.csproj", "{A2E15AC9-CEF1-4E1B-AF02-7B54B51F5BDD}"
EndProject
Project("{FAE04EC0-301F-11D3-BF4B-00C04F79EFBC}") = "Infrastructure", "Exam\Infrastructure\Infrastructure.csproj", "{D802F21C-AE6D-46FD-A794-91C89A5519FE}"
EndProject
Project("{2150E333-8FDC-42A3-9474-1A3956D46DE8}") = "Exam2", "Exam2", "{EDF5A7CB-BC28-4609-9DA4-75BCCFD20E68}"
EndProject
Project("{FAE04EC0-301F-11D3-BF4B-00C04F79EFBC}") = "1", "Exam2\1\1.csproj", "{C1144EFD-C41B-41B9-8B0D-D70EE56BB842}"
EndProject
Project("{FAE04EC0-301F-11D3-BF4B-00C04F79EFBC}") = "2", "Exam2\2\2.csproj", "{D7FD9A61-CDA7-4FEB-8174-4C15F25D5245}"
EndProject
Project("{FAE04EC0-301F-11D3-BF4B-00C04F79EFBC}") = "3", "Exam2\3\3.csproj", "{61D05A97-B696-40E6-8BAB-DBE940BD27F1}"
EndProject
Project("{FAE04EC0-301F-11D3-BF4B-00C04F79EFBC}") = "4", "Exam2\4\4.csproj", "{1B58B785-8ED2-42F1-8FE4-C4F775E1F414}"
EndProject
Project("{FAE04EC0-301F-11D3-BF4B-00C04F79EFBC}") = "5", "Exam2\5\5.csproj", "{43660868-0E91-48CF-AC12-10C243176064}"
EndProject
Project("{FAE04EC0-301F-11D3-BF4B-00C04F79EFBC}") = "6", "Exam2\6\6.csproj", "{D2F18EB7-DA0C-4340-9712-91F3E3FB6F53}"
EndProject
Project("{FAE04EC0-301F-11D3-BF4B-00C04F79EFBC}") = "7", "Exam2\7\7.csproj", "{FF03FCAA-CB14-4784-81BA-89527F982495}"
EndProject
Project("{FAE04EC0-301F-11D3-BF4B-00C04F79EFBC}") = "8", "Exam2\8\8.csproj", "{A8B40580-5C25-4274-8622-C10A544B1478}"
EndProject
Project("{FAE04EC0-301F-11D3-BF4B-00C04F79EFBC}") = "9", "Exam2\9\9.csproj", "{E44890FF-61B1-4E5F-A403-A98094E30C00}"
EndProject
Project("{FAE04EC0-301F-11D3-BF4B-00C04F79EFBC}") = "10", "Exam2\10\10.csproj", "{C8214FCD-607B-4E80-BAF2-1D177F88A0D9}"
EndProject
Project("{2150E333-8FDC-42A3-9474-1A3956D46DE8}") = "Exam6", "Exam6", "{E93D5C7D-35D0-4BC0-ADDE-E08061B991C8}"
EndProject
Project("{2150E333-8FDC-42A3-9474-1A3956D46DE8}") = "1", "1", "{0CA1E65C-914A-4986-B9ED-ABA38040AD89}"
EndProject
Project("{FAE04EC0-301F-11D3-BF4B-00C04F79EFBC}") = "1", "Exam6\1\1\1.csproj", "{1542C578-7583-4E1E-B837-9958BF5D76E0}"
EndProject
Project("{2150E333-8FDC-42A3-9474-1A3956D46DE8}") = "3", "3", "{DB02D603-1C95-4524-9A3B-C79CC7E02655}"
EndProject
Project("{FAE04EC0-301F-11D3-BF4B-00C04F79EFBC}") = "1", "Exam6\3\1\1.csproj", "{2FC57448-519B-4F53-9229-2F3AC54E66B0}"
EndProject
Project("{2150E333-8FDC-42A3-9474-1A3956D46DE8}") = "Home1", "Home1", "{B6FD53AE-C789-437A-982C-BA8693E938B3}"
EndProject
Project("{FAE04EC0-301F-11D3-BF4B-00C04F79EFBC}") = "Home-task", "Home1\1\Home-task.csproj", "{EF5CCA57-7159-49F8-8036-AED52C7EA791}"
EndProject
Project("{2150E333-8FDC-42A3-9474-1A3956D46DE8}") = "Home2", "Home2", "{5E7AC1CD-EFE4-4FFF-8787-33F2281D69B7}"
EndProject
Project("{FAE04EC0-301F-11D3-BF4B-00C04F79EFBC}") = "1", "Home2\1\1.csproj", "{61B6CAFD-9593-4FF0-B404-891839FCAFD2}"
EndProject
Project("{FAE04EC0-301F-11D3-BF4B-00C04F79EFBC}") = "2", "Home2\2\2.csproj", "{9635420B-D4A5-496A-8391-9391956DA7F6}"
EndProject
Project("{FAE04EC0-301F-11D3-BF4B-00C04F79EFBC}") = "3", "Home2\3\3.csproj", "{513C523F-4493-459C-8089-2FD84BF016DC}"
EndProject
Project("{FAE04EC0-301F-11D3-BF4B-00C04F79EFBC}") = "4", "Home2\4\4.csproj", "{B415E95C-383B-4FCB-BD99-DB44BE11E3DD}"
EndProject
Project("{FAE04EC0-301F-11D3-BF4B-00C04F79EFBC}") = "5", "Home2\5\5.csproj", "{CAAA1C86-229A-4EBB-AA05-04385DA5B55D}"
EndProject
Project("{FAE04EC0-301F-11D3-BF4B-00C04F79EFBC}") = "6", "Home2\6\6.csproj", "{5FBB213F-7C24-4D7D-BE74-A0AAF25F0365}"
EndProject
Project("{FAE04EC0-301F-11D3-BF4B-00C04F79EFBC}") = "7", "Home2\7\7.csproj", "{DB5E8636-7422-4405-A041-682595F5B391}"
EndProject
Project("{FAE04EC0-301F-11D3-BF4B-00C04F79EFBC}") = "8", "Home2\8\8.csproj", "{ED716103-0E45-49C9-993C-ADEBF52B4BCB}"
EndProject
Project("{FAE04EC0-301F-11D3-BF4B-00C04F79EFBC}") = "9", "Home2\9\9.csproj", "{66D76265-15E8-4B3D-850D-A29CE6DFB9B6}"
EndProject
Project("{FAE04EC0-301F-11D3-BF4B-00C04F79EFBC}") = "10", "Home2\10\10.csproj", "{BB5264FA-6DA1-40A9-8DC3-61F59281A737}"
EndProject
Project("{2150E333-8FDC-42A3-9474-1A3956D46DE8}") = "Home3", "Home3", "{10965BCF-7AF7-4E83-A5C6-0BA86D77BCC8}"
EndProject
Project("{FAE04EC0-301F-11D3-BF4B-00C04F79EFBC}") = "1", "Home3\1\1.csproj", "{8292B7B8-B7C1-45AB-A160-D9492A247B54}"
EndProject
Project("{FAE04EC0-301F-11D3-BF4B-00C04F79EFBC}") = "2", "Home3\2\2.csproj", "{1D3D2B7B-E6CD-4FC4-B60E-1D29EDBB1FA9}"
EndProject
Project("{FAE04EC0-301F-11D3-BF4B-00C04F79EFBC}") = "3", "Home3\3\3.csproj", "{4B79C5CD-F21B-4D14-AAB8-176E9856CDC8}"
EndProject
Project("{FAE04EC0-301F-11D3-BF4B-00C04F79EFBC}") = "4", "Home3\4\4.csproj", "{47FD07F6-839E-4134-8C19-C1AD43FF7304}"
EndProject
Project("{FAE04EC0-301F-11D3-BF4B-00C04F79EFBC}") = "5", "Home3\5\5.csproj", "{C86C1886-8F44-4BC9-BAD6-5B699BDCEE9F}"
EndProject
Project("{FAE04EC0-301F-11D3-BF4B-00C04F79EFBC}") = "6", "Home3\6\6.csproj", "{83145790-4D36-4308-A4EA-8BD8560E1A03}"
EndProject
Project("{FAE04EC0-301F-11D3-BF4B-00C04F79EFBC}") = "7", "Home3\7\7.csproj", "{81A8B2ED-268B-4096-A4CB-571A8AD7A839}"
EndProject
Project("{FAE04EC0-301F-11D3-BF4B-00C04F79EFBC}") = "8", "Home3\8\8.csproj", "{E21D4CD5-99FC-413C-9CA2-82293BA9CD68}"
EndProject
Project("{FAE04EC0-301F-11D3-BF4B-00C04F79EFBC}") = "9", "Home3\9\9.csproj", "{37C58F3D-B9BB-4582-A19D-52C88038BF63}"
EndProject
Project("{FAE04EC0-301F-11D3-BF4B-00C04F79EFBC}") = "10", "Home3\10\10.csproj", "{9E964771-8ABE-419E-95E9-2477170A008D}"
EndProject
Project("{2150E333-8FDC-42A3-9474-1A3956D46DE8}") = "Home4", "Home4", "{85A0221A-1F6D-4C34-8105-8467B0663A31}"
EndProject
Project("{FAE04EC0-301F-11D3-BF4B-00C04F79EFBC}") = "1", "Home4\1\1.csproj", "{803910DE-7453-4A20-BF3E-B543496A1A5D}"
EndProject
Project("{FAE04EC0-301F-11D3-BF4B-00C04F79EFBC}") = "2", "Home4\2\2.csproj", "{C050A071-D88D-45C6-9317-6C601442561A}"
EndProject
Project("{FAE04EC0-301F-11D3-BF4B-00C04F79EFBC}") = "3", "Home4\3\3.csproj", "{D7B1FC3A-317E-4526-BCF4-1B9A43F4E526}"
EndProject
Project("{FAE04EC0-301F-11D3-BF4B-00C04F79EFBC}") = "4", "Home4\4\4.csproj", "{E488DFEF-B276-4B85-9AE8-CF93FCEF425D}"
EndProject
Project("{FAE04EC0-301F-11D3-BF4B-00C04F79EFBC}") = "5", "Home4\5\5.csproj", "{D602BFE1-E2DB-4325-8C3E-C3198B0C44FA}"
EndProject
Project("{FAE04EC0-301F-11D3-BF4B-00C04F79EFBC}") = "6", "Home4\6\6.csproj", "{6A64B648-2765-4CA4-B318-2B7B1CBAF20B}"
EndProject
Project("{FAE04EC0-301F-11D3-BF4B-00C04F79EFBC}") = "7", "Home4\7\7.csproj", "{C3F9E700-C2A8-4429-9D70-8D90FE43600E}"
EndProject
Project("{FAE04EC0-301F-11D3-BF4B-00C04F79EFBC}") = "8", "Home4\8\8.csproj", "{B3F9D95B-0975-4C1F-AB6B-CB320C8F27E2}"
EndProject
Project("{FAE04EC0-301F-11D3-BF4B-00C04F79EFBC}") = "9", "Home4\9\9.csproj", "{A5BD83B9-51E2-4CB1-A4D6-3F7CDDAD03BC}"
EndProject
Project("{FAE04EC0-301F-11D3-BF4B-00C04F79EFBC}") = "10", "Home4\10\10.csproj", "{2E4915E0-AE74-4BB8-ABF8-6DB1CCC16DB2}"
EndProject
Project("{2150E333-8FDC-42A3-9474-1A3956D46DE8}") = "Home5", "Home5", "{F5283A6F-3645-439A-A132-97865A0CB8FB}"
EndProject
Project("{FAE04EC0-301F-11D3-BF4B-00C04F79EFBC}") = "1", "Home5\1\1.csproj", "{05C38162-84B4-4477-87B2-56004F59E6BB}"
EndProject
Project("{FAE04EC0-301F-11D3-BF4B-00C04F79EFBC}") = "2", "Home5\2\2.csproj", "{2D369930-FF7D-490D-82F8-1A6F009799E7}"
EndProject
Project("{FAE04EC0-301F-11D3-BF4B-00C04F79EFBC}") = "3", "Home5\3\3.csproj", "{2688365C-58C0-4219-8F87-D9D0C0BF21E8}"
EndProject
Project("{FAE04EC0-301F-11D3-BF4B-00C04F79EFBC}") = "4", "Home5\4\4.csproj", "{6362531D-B878-4136-8BAA-2EB45A25BF81}"
EndProject
Project("{FAE04EC0-301F-11D3-BF4B-00C04F79EFBC}") = "5", "Home5\5\5.csproj", "{EEE6E40F-EA45-4FF3-BB0A-C4350AD346B2}"
EndProject
Project("{FAE04EC0-301F-11D3-BF4B-00C04F79EFBC}") = "6", "Home5\6\6.csproj", "{C60A0767-DF78-4698-8AF6-4A7D850A54F5}"
EndProject
Project("{FAE04EC0-301F-11D3-BF4B-00C04F79EFBC}") = "7", "Home5\7\7.csproj", "{75A59795-0A94-454A-BAF6-8B258E96E7F0}"
EndProject
Project("{FAE04EC0-301F-11D3-BF4B-00C04F79EFBC}") = "8", "Home5\8\8.csproj", "{EF6EEAF1-62F9-4F72-B015-8FFC146AD422}"
EndProject
Project("{FAE04EC0-301F-11D3-BF4B-00C04F79EFBC}") = "9", "Home5\9\9.csproj", "{52F0667C-2D45-4B2A-8741-2F0ED11A6706}"
EndProject
Project("{FAE04EC0-301F-11D3-BF4B-00C04F79EFBC}") = "10", "Home5\10\10.csproj", "{07FA1006-1E2A-45F6-9F94-976C19CCF99E}"
EndProject
Project("{2150E333-8FDC-42A3-9474-1A3956D46DE8}") = "Home6", "Home6", "{559237CF-0391-4B0B-AC4B-A85E9613DCCA}"
EndProject
Project("{FAE04EC0-301F-11D3-BF4B-00C04F79EFBC}") = "1", "Home6\1\1.csproj", "{480D5061-132F-4487-A4FC-AE133D8649AB}"
EndProject
Project("{FAE04EC0-301F-11D3-BF4B-00C04F79EFBC}") = "2", "Home6\2\2.csproj", "{13E915CA-9599-457D-8EB0-92E366DEDBD6}"
EndProject
Project("{FAE04EC0-301F-11D3-BF4B-00C04F79EFBC}") = "3", "Home6\3\3.csproj", "{79F77776-D253-4775-9D76-30D5B3A26584}"
EndProject
Project("{FAE04EC0-301F-11D3-BF4B-00C04F79EFBC}") = "4", "Home6\4\4.csproj", "{E4863D8C-5754-491B-82D5-24ED508348D7}"
EndProject
Project("{FAE04EC0-301F-11D3-BF4B-00C04F79EFBC}") = "5", "Home6\5\5.csproj", "{2374B192-F190-47ED-A143-76CD0F9015E2}"
EndProject
Project("{FAE04EC0-301F-11D3-BF4B-00C04F79EFBC}") = "6", "Home6\6\6.csproj", "{5D957F90-55E7-4EAF-A6C9-9106104A6D4D}"
EndProject
Project("{FAE04EC0-301F-11D3-BF4B-00C04F79EFBC}") = "7", "Home6\7\7.csproj", "{0640405D-DB7B-44A2-8480-DD15539AB738}"
EndProject
Project("{FAE04EC0-301F-11D3-BF4B-00C04F79EFBC}") = "8", "Home6\8\8.csproj", "{4F96D5FC-6495-4040-BFE6-2F4BE8AC4BA0}"
EndProject
Project("{FAE04EC0-301F-11D3-BF4B-00C04F79EFBC}") = "9", "Home6\9\9.csproj", "{173122FE-6EC4-4959-9659-604662E61298}"
EndProject
Project("{FAE04EC0-301F-11D3-BF4B-00C04F79EFBC}") = "10", "Home6\10\10.csproj", "{9FAEE071-73D9-4CE4-BC0B-1CFBF1EE3556}"
EndProject
Project("{2150E333-8FDC-42A3-9474-1A3956D46DE8}") = "Home7", "Home7", "{CD026BE3-033B-432A-B2AB-AC46B0FC9580}"
EndProject
Project("{FAE04EC0-301F-11D3-BF4B-00C04F79EFBC}") = "1", "Home7\1\1.csproj", "{B0702B17-0C39-4DB7-AB51-08D2FC714B1A}"
EndProject
Project("{FAE04EC0-301F-11D3-BF4B-00C04F79EFBC}") = "2", "Home7\2\2.csproj", "{A2B5F319-7FBB-4559-BB24-6F8D847EE7D1}"
EndProject
Project("{FAE04EC0-301F-11D3-BF4B-00C04F79EFBC}") = "3", "Home7\3\3.csproj", "{05C7CA35-9209-4DB5-A567-48BDAA21472A}"
EndProject
Project("{FAE04EC0-301F-11D3-BF4B-00C04F79EFBC}") = "4", "Home7\4\4.csproj", "{1870C344-632B-4BA2-9873-8D7C0A2D98F7}"
EndProject
Project("{2150E333-8FDC-42A3-9474-1A3956D46DE8}") = "Home8", "Home8", "{6496DBDA-D167-413F-B5A3-4C3BFA803373}"
EndProject
Project("{FAE04EC0-301F-11D3-BF4B-00C04F79EFBC}") = "class_BankAccount", "Home8\class_BankAccount\class_BankAccount.csproj", "{8AD9C60F-7ADF-4BB2-B9D2-76DC9924E2CD}"
EndProject
Project("{FAE04EC0-301F-11D3-BF4B-00C04F79EFBC}") = "class_Book", "Home8\class_Book\class_Book.csproj", "{4AAEAF3B-A2C4-46A8-A746-6CA56421D829}"
EndProject
Project("{FAE04EC0-301F-11D3-BF4B-00C04F79EFBC}") = "class_Circle", "Home8\class_Circle\class_Circle.csproj", "{45FF354D-7D6E-498E-B9A1-5AEAC6AE7300}"
EndProject
Project("{FAE04EC0-301F-11D3-BF4B-00C04F79EFBC}") = "class_Date", "Home8\class_Date\class_Date.csproj", "{09701743-0ABC-4E1A-A088-14FACB5654A3}"
EndProject
Project("{2150E333-8FDC-42A3-9474-1A3956D46DE8}") = "Home9", "Home9", "{9912C4D4-ED4B-4BA0-B482-57332FD6EB3D}"
EndProject
Project("{FAE04EC0-301F-11D3-BF4B-00C04F79EFBC}") = "1", "Home9\1\1.csproj", "{01B1795F-381C-4C35-85F7-3C7D80D28788}"
EndProject
Project("{FAE04EC0-301F-11D3-BF4B-00C04F79EFBC}") = "2", "Home9\2\2.csproj", "{958094C7-2307-4D40-90A1-FCBC7328850A}"
EndProject
Project("{FAE04EC0-301F-11D3-BF4B-00C04F79EFBC}") = "3", "Home9\3\3.csproj", "{57F92251-30DD-459B-9FD6-0EBBE7D61D9A}"
EndProject
Project("{FAE04EC0-301F-11D3-BF4B-00C04F79EFBC}") = "4", "Home9\4\4.csproj", "{BD7DF7A1-4876-40D9-814A-3FC6AC5C172E}"
EndProject
Project("{2150E333-8FDC-42A3-9474-1A3956D46DE8}") = "Home10", "Home10", "{8FC31562-6DC6-433B-BB5E-B6EAF57F96F0}"
EndProject
Project("{FAE04EC0-301F-11D3-BF4B-00C04F79EFBC}") = "1", "Home10\1\1.csproj", "{2A7C0D26-3089-4C62-AA43-F4AE22572D62}"
EndProject
Project("{2150E333-8FDC-42A3-9474-1A3956D46DE8}") = "Home11", "Home11", "{5345DC50-4DD7-4081-92AF-0CA416DA2411}"
EndProject
Project("{2150E333-8FDC-42A3-9474-1A3956D46DE8}") = "1", "1", "{44B6B851-B7BB-4A72-9903-581C30F97CA9}"
EndProject
Project("{FAE04EC0-301F-11D3-BF4B-00C04F79EFBC}") = "1", "Home11\1\1\1.csproj", "{636DF9F2-5649-44AB-B0D5-8337CC8D8DCC}"
EndProject
Project("{FAE04EC0-301F-11D3-BF4B-00C04F79EFBC}") = "Infrastructure", "Home11\1\Infrastructure\Infrastructure.csproj", "{F2967AF4-BFA0-4BA2-8F54-993CB1196038}"
EndProject
Project("{2150E333-8FDC-42A3-9474-1A3956D46DE8}") = "2", "2", "{4E8A06E1-5888-4CC9-B079-E31C6068901A}"
EndProject
Project("{FAE04EC0-301F-11D3-BF4B-00C04F79EFBC}") = "Console", "Home11\2\Console\Console.csproj", "{92659A8D-13C5-49D6-BDD1-E9A9B9372C41}"
EndProject
Project("{FAE04EC0-301F-11D3-BF4B-00C04F79EFBC}") = "Infrastructure", "Home11\2\Infrastructure\Infrastructure.csproj", "{E3F4A84F-DB3B-4237-A392-F484AB57867F}"
EndProject
Project("{2150E333-8FDC-42A3-9474-1A3956D46DE8}") = "Home12", "Home12", "{ACBF200F-1EB8-43FD-8E11-BECC0EF4A36B}"
EndProject
Project("{2150E333-8FDC-42A3-9474-1A3956D46DE8}") = "1", "1", "{4F6A27F6-C85F-4EDE-AC22-A956AB205835}"
EndProject
Project("{FAE04EC0-301F-11D3-BF4B-00C04F79EFBC}") = "Console", "Home12\1\Console\Console.csproj", "{F26D8C34-3577-41E6-8757-BF0174819C02}"
EndProject
Project("{FAE04EC0-301F-11D3-BF4B-00C04F79EFBC}") = "Infrastructure", "Home12\1\Infrastructure\Infrastructure.csproj", "{DFEA021F-2BBD-401E-89E8-B5605C46405B}"
EndProject
Project("{2150E333-8FDC-42A3-9474-1A3956D46DE8}") = "Home13", "Home13", "{EF59061F-9656-4914-976B-8DDC28C1A638}"
EndProject
Project("{2150E333-8FDC-42A3-9474-1A3956D46DE8}") = "1", "1", "{6E99CA8D-BF5D-42D9-9214-39B36616A0C6}"
EndProject
Project("{FAE04EC0-301F-11D3-BF4B-00C04F79EFBC}") = "Infrastructure", "Home13\1\Infrastructure\Infrastructure.csproj", "{50417070-6C3E-4837-A28E-C8C26892DDB3}"
EndProject
Project("{FAE04EC0-301F-11D3-BF4B-00C04F79EFBC}") = "ToDo", "Home13\1\ToDo\ToDo.csproj", "{09A62677-9C07-4941-800E-05D4F4BF200D}"
EndProject
Project("{2150E333-8FDC-42A3-9474-1A3956D46DE8}") = "Home14", "Home14", "{FEA93D25-650E-4A08-A768-5956540846E4}"
EndProject
Project("{FAE04EC0-301F-11D3-BF4B-00C04F79EFBC}") = "3", "Home14\3.csproj", "{7E82284C-67BA-4337-A254-71682F2CDB0B}"
EndProject
Project("{2150E333-8FDC-42A3-9474-1A3956D46DE8}") = "Inheritance", "Inheritance", "{E6477CD9-19C4-4A95-A2DD-276A4AE26524}"
EndProject
Project("{FAE04EC0-301F-11D3-BF4B-00C04F79EFBC}") = "Consoel", "Inheritance\Consoel\Consoel.csproj", "{DFFDE742-ACBF-4336-9EF0-D840215FB609}"
EndProject
Project("{2150E333-8FDC-42A3-9474-1A3956D46DE8}") = "Kori sinfi", "Kori sinfi", "{F9E110F8-3864-484A-B8CD-F80C76D5713D}"
EndProject
Project("{FAE04EC0-301F-11D3-BF4B-00C04F79EFBC}") = "1", "Kori sinfi\1\1.csproj", "{07DA4B5C-0FD1-42E7-9E18-FD31126C34FF}"
EndProject
Project("{FAE04EC0-301F-11D3-BF4B-00C04F79EFBC}") = "Infrastructure", "Kori sinfi\Infrastructure\Infrastructure.csproj", "{6B43B6C3-DB10-4CFF-9461-822C9BB50214}"
EndProject
Project("{2150E333-8FDC-42A3-9474-1A3956D46DE8}") = "MyProject", "MyProject", "{F977241C-65AE-4B75-98CC-9DDBB474BBF3}"
EndProject
Project("{2150E333-8FDC-42A3-9474-1A3956D46DE8}") = "onlineLibrary", "onlineLibrary", "{3A60158D-7D1C-4B93-AD72-D777F31E088A}"
EndProject
Project("{FAE04EC0-301F-11D3-BF4B-00C04F79EFBC}") = "Library", "MyProject\onlineLibrary\Library\Library.csproj", "{D773D0A5-15B8-44FD-A4FC-A41733E9B268}"
EndProject
Project("{FAE04EC0-301F-11D3-BF4B-00C04F79EFBC}") = "myApp", "MyProject\onlineLibrary\myApp\myApp.csproj", "{ABECD8A6-0A32-48C7-AFDA-0B01C0B72CF3}"
EndProject
Project("{2150E333-8FDC-42A3-9474-1A3956D46DE8}") = "Poly morphism", "Poly morphism", "{FE6B17AB-CA40-46D4-AA74-135358A123C2}"
EndProject
Project("{2150E333-8FDC-42A3-9474-1A3956D46DE8}") = "Misoli 1", "Misoli 1", "{4DB2E82F-AF90-4021-B5AA-7FF403B61AEA}"
EndProject
Project("{FAE04EC0-301F-11D3-BF4B-00C04F79EFBC}") = "1", "Poly morphism\Misoli 1\1\1.csproj", "{8A23123A-E3AC-4FCA-8B20-AA7011FBBB81}"
EndProject
Project("{FAE04EC0-301F-11D3-BF4B-00C04F79EFBC}") = "Infrastructure", "Poly morphism\Misoli 1\Infrastructure\Infrastructure.csproj", "{0549E339-1648-495E-82CB-B4B798F54C5E}"
EndProject
Project("{2150E333-8FDC-42A3-9474-1A3956D46DE8}") = "Misoli_2", "Misoli_2", "{98842807-7D49-4A47-826B-E380BB78FCAF}"
EndProject
Project("{FAE04EC0-301F-11D3-BF4B-00C04F79EFBC}") = "1", "Poly morphism\Misoli_2\1\1.csproj", "{9296B2B9-0118-4747-85DE-E3BF4943BBED}"
EndProject
Project("{FAE04EC0-301F-11D3-BF4B-00C04F79EFBC}") = "Infrastructure", "Poly morphism\Misoli_2\Infrastructure\Infrastructure.csproj", "{56B67020-1CDC-45AE-82A7-72CA4A4EA803}"
EndProject
Project("{2150E333-8FDC-42A3-9474-1A3956D46DE8}") = "Pracrics1", "Pracrics1", "{545BA24F-BC70-4A32-9FCB-BCD6279E87B8}"
EndProject
Project("{FAE04EC0-301F-11D3-BF4B-00C04F79EFBC}") = "1", "Pracrics1\1\1.csproj", "{ABA9854F-63B0-40C3-8A4B-10502739708B}"
EndProject
Project("{FAE04EC0-301F-11D3-BF4B-00C04F79EFBC}") = "2", "Pracrics1\2\2.csproj", "{50945F99-BCB8-4D54-85DF-72618E88B177}"
EndProject
Project("{FAE04EC0-301F-11D3-BF4B-00C04F79EFBC}") = "3", "Pracrics1\3\3.csproj", "{B64C9B92-2174-4580-82BA-8C9FCD9A3016}"
EndProject
Project("{FAE04EC0-301F-11D3-BF4B-00C04F79EFBC}") = "4", "Pracrics1\4\4.csproj", "{72AF486D-77CE-4D89-A6EC-274066275EA4}"
EndProject
Project("{FAE04EC0-301F-11D3-BF4B-00C04F79EFBC}") = "5", "Pracrics1\5\5.csproj", "{08BF451C-C267-4A0F-AE4F-695571B77763}"
EndProject
Project("{FAE04EC0-301F-11D3-BF4B-00C04F79EFBC}") = "6", "Pracrics1\6\6.csproj", "{85761CD1-F968-4F18-BFC3-C8A9B1A073F1}"
EndProject
Project("{FAE04EC0-301F-11D3-BF4B-00C04F79EFBC}") = "7", "Pracrics1\7\7.csproj", "{FF70F37F-FA84-42A9-96BB-A88C50F32D23}"
EndProject
Project("{2150E333-8FDC-42A3-9474-1A3956D46DE8}") = "Work_List", "Work_List", "{52495BF7-42E8-46B1-91EF-36291B47F6ED}"
EndProject
Project("{FAE04EC0-301F-11D3-BF4B-00C04F79EFBC}") = "Infrastructure", "Work_List\Infrastructure\Infrastructure.csproj", "{0BB355E7-FC60-463B-ADA9-8619102BFCA2}"
EndProject
Project("{FAE04EC0-301F-11D3-BF4B-00C04F79EFBC}") = "StudentSystem", "Work_List\StudentSystem\StudentSystem.csproj", "{0B0BE4DC-7C59-4D7C-A681-764CDE6B5760}"
EndProject
Global
	GlobalSection(SolutionConfigurationPlatforms) = preSolution
		Debug|Any CPU = Debug|Any CPU
		Release|Any CPU = Release|Any CPU
	EndGlobalSection
	GlobalSection(SolutionProperties) = preSolution
		HideSolutionNode = FALSE
	EndGlobalSection
	GlobalSection(ProjectConfigurationPlatforms) = postSolution
		{BDDFEDE2-3412-40F2-9326-FBA0AFF8111D}.Debug|Any CPU.ActiveCfg = Debug|Any CPU
		{BDDFEDE2-3412-40F2-9326-FBA0AFF8111D}.Debug|Any CPU.Build.0 = Debug|Any CPU
		{BDDFEDE2-3412-40F2-9326-FBA0AFF8111D}.Release|Any CPU.ActiveCfg = Release|Any CPU
		{BDDFEDE2-3412-40F2-9326-FBA0AFF8111D}.Release|Any CPU.Build.0 = Release|Any CPU
		{9B164ECF-CEA8-4B5C-B00D-B77B241FFA60}.Debug|Any CPU.ActiveCfg = Debug|Any CPU
		{9B164ECF-CEA8-4B5C-B00D-B77B241FFA60}.Debug|Any CPU.Build.0 = Debug|Any CPU
		{9B164ECF-CEA8-4B5C-B00D-B77B241FFA60}.Release|Any CPU.ActiveCfg = Release|Any CPU
		{9B164ECF-CEA8-4B5C-B00D-B77B241FFA60}.Release|Any CPU.Build.0 = Release|Any CPU
		{C9E5EFF1-E54B-4DF0-B1CB-CC9B58B492AA}.Debug|Any CPU.ActiveCfg = Debug|Any CPU
		{C9E5EFF1-E54B-4DF0-B1CB-CC9B58B492AA}.Debug|Any CPU.Build.0 = Debug|Any CPU
		{C9E5EFF1-E54B-4DF0-B1CB-CC9B58B492AA}.Release|Any CPU.ActiveCfg = Release|Any CPU
		{C9E5EFF1-E54B-4DF0-B1CB-CC9B58B492AA}.Release|Any CPU.Build.0 = Release|Any CPU
		{DB8C3D39-C33E-4DB9-B78E-0EDED6851EA5}.Debug|Any CPU.ActiveCfg = Debug|Any CPU
		{DB8C3D39-C33E-4DB9-B78E-0EDED6851EA5}.Debug|Any CPU.Build.0 = Debug|Any CPU
		{DB8C3D39-C33E-4DB9-B78E-0EDED6851EA5}.Release|Any CPU.ActiveCfg = Release|Any CPU
		{DB8C3D39-C33E-4DB9-B78E-0EDED6851EA5}.Release|Any CPU.Build.0 = Release|Any CPU
		{6EA77CA6-20C4-4FF2-9DA7-0901F3E3548A}.Debug|Any CPU.ActiveCfg = Debug|Any CPU
		{6EA77CA6-20C4-4FF2-9DA7-0901F3E3548A}.Debug|Any CPU.Build.0 = Debug|Any CPU
		{6EA77CA6-20C4-4FF2-9DA7-0901F3E3548A}.Release|Any CPU.ActiveCfg = Release|Any CPU
		{6EA77CA6-20C4-4FF2-9DA7-0901F3E3548A}.Release|Any CPU.Build.0 = Release|Any CPU
		{806D784A-BF50-43CE-911C-81CBA7F45BDF}.Debug|Any CPU.ActiveCfg = Debug|Any CPU
		{806D784A-BF50-43CE-911C-81CBA7F45BDF}.Debug|Any CPU.Build.0 = Debug|Any CPU
		{806D784A-BF50-43CE-911C-81CBA7F45BDF}.Release|Any CPU.ActiveCfg = Release|Any CPU
		{806D784A-BF50-43CE-911C-81CBA7F45BDF}.Release|Any CPU.Build.0 = Release|Any CPU
		{4F238566-A3EA-4D90-BB9A-091BD9071EE5}.Debug|Any CPU.ActiveCfg = Debug|Any CPU
		{4F238566-A3EA-4D90-BB9A-091BD9071EE5}.Debug|Any CPU.Build.0 = Debug|Any CPU
		{4F238566-A3EA-4D90-BB9A-091BD9071EE5}.Release|Any CPU.ActiveCfg = Release|Any CPU
		{4F238566-A3EA-4D90-BB9A-091BD9071EE5}.Release|Any CPU.Build.0 = Release|Any CPU
		{7404F0EC-536E-4C5B-8C92-EBDCFB125476}.Debug|Any CPU.ActiveCfg = Debug|Any CPU
		{7404F0EC-536E-4C5B-8C92-EBDCFB125476}.Debug|Any CPU.Build.0 = Debug|Any CPU
		{7404F0EC-536E-4C5B-8C92-EBDCFB125476}.Release|Any CPU.ActiveCfg = Release|Any CPU
		{7404F0EC-536E-4C5B-8C92-EBDCFB125476}.Release|Any CPU.Build.0 = Release|Any CPU
		{DCBBC61B-4641-46BA-9B84-676C3DE6AAEF}.Debug|Any CPU.ActiveCfg = Debug|Any CPU
		{DCBBC61B-4641-46BA-9B84-676C3DE6AAEF}.Debug|Any CPU.Build.0 = Debug|Any CPU
		{DCBBC61B-4641-46BA-9B84-676C3DE6AAEF}.Release|Any CPU.ActiveCfg = Release|Any CPU
		{DCBBC61B-4641-46BA-9B84-676C3DE6AAEF}.Release|Any CPU.Build.0 = Release|Any CPU
		{4BB4940D-F045-4EE5-A11B-6B29DF208998}.Debug|Any CPU.ActiveCfg = Debug|Any CPU
		{4BB4940D-F045-4EE5-A11B-6B29DF208998}.Debug|Any CPU.Build.0 = Debug|Any CPU
		{4BB4940D-F045-4EE5-A11B-6B29DF208998}.Release|Any CPU.ActiveCfg = Release|Any CPU
		{4BB4940D-F045-4EE5-A11B-6B29DF208998}.Release|Any CPU.Build.0 = Release|Any CPU
		{B28F63AC-15A8-437E-9C39-2DBEA9F188E2}.Debug|Any CPU.ActiveCfg = Debug|Any CPU
		{B28F63AC-15A8-437E-9C39-2DBEA9F188E2}.Debug|Any CPU.Build.0 = Debug|Any CPU
		{B28F63AC-15A8-437E-9C39-2DBEA9F188E2}.Release|Any CPU.ActiveCfg = Release|Any CPU
		{B28F63AC-15A8-437E-9C39-2DBEA9F188E2}.Release|Any CPU.Build.0 = Release|Any CPU
		{3656F282-3C26-4682-A6AD-CDB821035E09}.Debug|Any CPU.ActiveCfg = Debug|Any CPU
		{3656F282-3C26-4682-A6AD-CDB821035E09}.Debug|Any CPU.Build.0 = Debug|Any CPU
		{3656F282-3C26-4682-A6AD-CDB821035E09}.Release|Any CPU.ActiveCfg = Release|Any CPU
		{3656F282-3C26-4682-A6AD-CDB821035E09}.Release|Any CPU.Build.0 = Release|Any CPU
		{7EA5FD71-DF35-4894-9F55-E179BC2BBA71}.Debug|Any CPU.ActiveCfg = Debug|Any CPU
		{7EA5FD71-DF35-4894-9F55-E179BC2BBA71}.Debug|Any CPU.Build.0 = Debug|Any CPU
		{7EA5FD71-DF35-4894-9F55-E179BC2BBA71}.Release|Any CPU.ActiveCfg = Release|Any CPU
		{7EA5FD71-DF35-4894-9F55-E179BC2BBA71}.Release|Any CPU.Build.0 = Release|Any CPU
		{A2E15AC9-CEF1-4E1B-AF02-7B54B51F5BDD}.Debug|Any CPU.ActiveCfg = Debug|Any CPU
		{A2E15AC9-CEF1-4E1B-AF02-7B54B51F5BDD}.Debug|Any CPU.Build.0 = Debug|Any CPU
		{A2E15AC9-CEF1-4E1B-AF02-7B54B51F5BDD}.Release|Any CPU.ActiveCfg = Release|Any CPU
		{A2E15AC9-CEF1-4E1B-AF02-7B54B51F5BDD}.Release|Any CPU.Build.0 = Release|Any CPU
		{D802F21C-AE6D-46FD-A794-91C89A5519FE}.Debug|Any CPU.ActiveCfg = Debug|Any CPU
		{D802F21C-AE6D-46FD-A794-91C89A5519FE}.Debug|Any CPU.Build.0 = Debug|Any CPU
		{D802F21C-AE6D-46FD-A794-91C89A5519FE}.Release|Any CPU.ActiveCfg = Release|Any CPU
		{D802F21C-AE6D-46FD-A794-91C89A5519FE}.Release|Any CPU.Build.0 = Release|Any CPU
		{C1144EFD-C41B-41B9-8B0D-D70EE56BB842}.Debug|Any CPU.ActiveCfg = Debug|Any CPU
		{C1144EFD-C41B-41B9-8B0D-D70EE56BB842}.Debug|Any CPU.Build.0 = Debug|Any CPU
		{C1144EFD-C41B-41B9-8B0D-D70EE56BB842}.Release|Any CPU.ActiveCfg = Release|Any CPU
		{C1144EFD-C41B-41B9-8B0D-D70EE56BB842}.Release|Any CPU.Build.0 = Release|Any CPU
		{D7FD9A61-CDA7-4FEB-8174-4C15F25D5245}.Debug|Any CPU.ActiveCfg = Debug|Any CPU
		{D7FD9A61-CDA7-4FEB-8174-4C15F25D5245}.Debug|Any CPU.Build.0 = Debug|Any CPU
		{D7FD9A61-CDA7-4FEB-8174-4C15F25D5245}.Release|Any CPU.ActiveCfg = Release|Any CPU
		{D7FD9A61-CDA7-4FEB-8174-4C15F25D5245}.Release|Any CPU.Build.0 = Release|Any CPU
		{61D05A97-B696-40E6-8BAB-DBE940BD27F1}.Debug|Any CPU.ActiveCfg = Debug|Any CPU
		{61D05A97-B696-40E6-8BAB-DBE940BD27F1}.Debug|Any CPU.Build.0 = Debug|Any CPU
		{61D05A97-B696-40E6-8BAB-DBE940BD27F1}.Release|Any CPU.ActiveCfg = Release|Any CPU
		{61D05A97-B696-40E6-8BAB-DBE940BD27F1}.Release|Any CPU.Build.0 = Release|Any CPU
		{1B58B785-8ED2-42F1-8FE4-C4F775E1F414}.Debug|Any CPU.ActiveCfg = Debug|Any CPU
		{1B58B785-8ED2-42F1-8FE4-C4F775E1F414}.Debug|Any CPU.Build.0 = Debug|Any CPU
		{1B58B785-8ED2-42F1-8FE4-C4F775E1F414}.Release|Any CPU.ActiveCfg = Release|Any CPU
		{1B58B785-8ED2-42F1-8FE4-C4F775E1F414}.Release|Any CPU.Build.0 = Release|Any CPU
		{43660868-0E91-48CF-AC12-10C243176064}.Debug|Any CPU.ActiveCfg = Debug|Any CPU
		{43660868-0E91-48CF-AC12-10C243176064}.Debug|Any CPU.Build.0 = Debug|Any CPU
		{43660868-0E91-48CF-AC12-10C243176064}.Release|Any CPU.ActiveCfg = Release|Any CPU
		{43660868-0E91-48CF-AC12-10C243176064}.Release|Any CPU.Build.0 = Release|Any CPU
		{D2F18EB7-DA0C-4340-9712-91F3E3FB6F53}.Debug|Any CPU.ActiveCfg = Debug|Any CPU
		{D2F18EB7-DA0C-4340-9712-91F3E3FB6F53}.Debug|Any CPU.Build.0 = Debug|Any CPU
		{D2F18EB7-DA0C-4340-9712-91F3E3FB6F53}.Release|Any CPU.ActiveCfg = Release|Any CPU
		{D2F18EB7-DA0C-4340-9712-91F3E3FB6F53}.Release|Any CPU.Build.0 = Release|Any CPU
		{FF03FCAA-CB14-4784-81BA-89527F982495}.Debug|Any CPU.ActiveCfg = Debug|Any CPU
		{FF03FCAA-CB14-4784-81BA-89527F982495}.Debug|Any CPU.Build.0 = Debug|Any CPU
		{FF03FCAA-CB14-4784-81BA-89527F982495}.Release|Any CPU.ActiveCfg = Release|Any CPU
		{FF03FCAA-CB14-4784-81BA-89527F982495}.Release|Any CPU.Build.0 = Release|Any CPU
		{A8B40580-5C25-4274-8622-C10A544B1478}.Debug|Any CPU.ActiveCfg = Debug|Any CPU
		{A8B40580-5C25-4274-8622-C10A544B1478}.Debug|Any CPU.Build.0 = Debug|Any CPU
		{A8B40580-5C25-4274-8622-C10A544B1478}.Release|Any CPU.ActiveCfg = Release|Any CPU
		{A8B40580-5C25-4274-8622-C10A544B1478}.Release|Any CPU.Build.0 = Release|Any CPU
		{E44890FF-61B1-4E5F-A403-A98094E30C00}.Debug|Any CPU.ActiveCfg = Debug|Any CPU
		{E44890FF-61B1-4E5F-A403-A98094E30C00}.Debug|Any CPU.Build.0 = Debug|Any CPU
		{E44890FF-61B1-4E5F-A403-A98094E30C00}.Release|Any CPU.ActiveCfg = Release|Any CPU
		{E44890FF-61B1-4E5F-A403-A98094E30C00}.Release|Any CPU.Build.0 = Release|Any CPU
		{C8214FCD-607B-4E80-BAF2-1D177F88A0D9}.Debug|Any CPU.ActiveCfg = Debug|Any CPU
		{C8214FCD-607B-4E80-BAF2-1D177F88A0D9}.Debug|Any CPU.Build.0 = Debug|Any CPU
		{C8214FCD-607B-4E80-BAF2-1D177F88A0D9}.Release|Any CPU.ActiveCfg = Release|Any CPU
		{C8214FCD-607B-4E80-BAF2-1D177F88A0D9}.Release|Any CPU.Build.0 = Release|Any CPU
		{1542C578-7583-4E1E-B837-9958BF5D76E0}.Debug|Any CPU.ActiveCfg = Debug|Any CPU
		{1542C578-7583-4E1E-B837-9958BF5D76E0}.Debug|Any CPU.Build.0 = Debug|Any CPU
		{1542C578-7583-4E1E-B837-9958BF5D76E0}.Release|Any CPU.ActiveCfg = Release|Any CPU
		{1542C578-7583-4E1E-B837-9958BF5D76E0}.Release|Any CPU.Build.0 = Release|Any CPU
		{2FC57448-519B-4F53-9229-2F3AC54E66B0}.Debug|Any CPU.ActiveCfg = Debug|Any CPU
		{2FC57448-519B-4F53-9229-2F3AC54E66B0}.Debug|Any CPU.Build.0 = Debug|Any CPU
		{2FC57448-519B-4F53-9229-2F3AC54E66B0}.Release|Any CPU.ActiveCfg = Release|Any CPU
		{2FC57448-519B-4F53-9229-2F3AC54E66B0}.Release|Any CPU.Build.0 = Release|Any CPU
		{EF5CCA57-7159-49F8-8036-AED52C7EA791}.Debug|Any CPU.ActiveCfg = Debug|Any CPU
		{EF5CCA57-7159-49F8-8036-AED52C7EA791}.Debug|Any CPU.Build.0 = Debug|Any CPU
		{EF5CCA57-7159-49F8-8036-AED52C7EA791}.Release|Any CPU.ActiveCfg = Release|Any CPU
		{EF5CCA57-7159-49F8-8036-AED52C7EA791}.Release|Any CPU.Build.0 = Release|Any CPU
		{61B6CAFD-9593-4FF0-B404-891839FCAFD2}.Debug|Any CPU.ActiveCfg = Debug|Any CPU
		{61B6CAFD-9593-4FF0-B404-891839FCAFD2}.Debug|Any CPU.Build.0 = Debug|Any CPU
		{61B6CAFD-9593-4FF0-B404-891839FCAFD2}.Release|Any CPU.ActiveCfg = Release|Any CPU
		{61B6CAFD-9593-4FF0-B404-891839FCAFD2}.Release|Any CPU.Build.0 = Release|Any CPU
		{9635420B-D4A5-496A-8391-9391956DA7F6}.Debug|Any CPU.ActiveCfg = Debug|Any CPU
		{9635420B-D4A5-496A-8391-9391956DA7F6}.Debug|Any CPU.Build.0 = Debug|Any CPU
		{9635420B-D4A5-496A-8391-9391956DA7F6}.Release|Any CPU.ActiveCfg = Release|Any CPU
		{9635420B-D4A5-496A-8391-9391956DA7F6}.Release|Any CPU.Build.0 = Release|Any CPU
		{513C523F-4493-459C-8089-2FD84BF016DC}.Debug|Any CPU.ActiveCfg = Debug|Any CPU
		{513C523F-4493-459C-8089-2FD84BF016DC}.Debug|Any CPU.Build.0 = Debug|Any CPU
		{513C523F-4493-459C-8089-2FD84BF016DC}.Release|Any CPU.ActiveCfg = Release|Any CPU
		{513C523F-4493-459C-8089-2FD84BF016DC}.Release|Any CPU.Build.0 = Release|Any CPU
		{B415E95C-383B-4FCB-BD99-DB44BE11E3DD}.Debug|Any CPU.ActiveCfg = Debug|Any CPU
		{B415E95C-383B-4FCB-BD99-DB44BE11E3DD}.Debug|Any CPU.Build.0 = Debug|Any CPU
		{B415E95C-383B-4FCB-BD99-DB44BE11E3DD}.Release|Any CPU.ActiveCfg = Release|Any CPU
		{B415E95C-383B-4FCB-BD99-DB44BE11E3DD}.Release|Any CPU.Build.0 = Release|Any CPU
		{CAAA1C86-229A-4EBB-AA05-04385DA5B55D}.Debug|Any CPU.ActiveCfg = Debug|Any CPU
		{CAAA1C86-229A-4EBB-AA05-04385DA5B55D}.Debug|Any CPU.Build.0 = Debug|Any CPU
		{CAAA1C86-229A-4EBB-AA05-04385DA5B55D}.Release|Any CPU.ActiveCfg = Release|Any CPU
		{CAAA1C86-229A-4EBB-AA05-04385DA5B55D}.Release|Any CPU.Build.0 = Release|Any CPU
		{5FBB213F-7C24-4D7D-BE74-A0AAF25F0365}.Debug|Any CPU.ActiveCfg = Debug|Any CPU
		{5FBB213F-7C24-4D7D-BE74-A0AAF25F0365}.Debug|Any CPU.Build.0 = Debug|Any CPU
		{5FBB213F-7C24-4D7D-BE74-A0AAF25F0365}.Release|Any CPU.ActiveCfg = Release|Any CPU
		{5FBB213F-7C24-4D7D-BE74-A0AAF25F0365}.Release|Any CPU.Build.0 = Release|Any CPU
		{DB5E8636-7422-4405-A041-682595F5B391}.Debug|Any CPU.ActiveCfg = Debug|Any CPU
		{DB5E8636-7422-4405-A041-682595F5B391}.Debug|Any CPU.Build.0 = Debug|Any CPU
		{DB5E8636-7422-4405-A041-682595F5B391}.Release|Any CPU.ActiveCfg = Release|Any CPU
		{DB5E8636-7422-4405-A041-682595F5B391}.Release|Any CPU.Build.0 = Release|Any CPU
		{ED716103-0E45-49C9-993C-ADEBF52B4BCB}.Debug|Any CPU.ActiveCfg = Debug|Any CPU
		{ED716103-0E45-49C9-993C-ADEBF52B4BCB}.Debug|Any CPU.Build.0 = Debug|Any CPU
		{ED716103-0E45-49C9-993C-ADEBF52B4BCB}.Release|Any CPU.ActiveCfg = Release|Any CPU
		{ED716103-0E45-49C9-993C-ADEBF52B4BCB}.Release|Any CPU.Build.0 = Release|Any CPU
		{66D76265-15E8-4B3D-850D-A29CE6DFB9B6}.Debug|Any CPU.ActiveCfg = Debug|Any CPU
		{66D76265-15E8-4B3D-850D-A29CE6DFB9B6}.Debug|Any CPU.Build.0 = Debug|Any CPU
		{66D76265-15E8-4B3D-850D-A29CE6DFB9B6}.Release|Any CPU.ActiveCfg = Release|Any CPU
		{66D76265-15E8-4B3D-850D-A29CE6DFB9B6}.Release|Any CPU.Build.0 = Release|Any CPU
		{BB5264FA-6DA1-40A9-8DC3-61F59281A737}.Debug|Any CPU.ActiveCfg = Debug|Any CPU
		{BB5264FA-6DA1-40A9-8DC3-61F59281A737}.Debug|Any CPU.Build.0 = Debug|Any CPU
		{BB5264FA-6DA1-40A9-8DC3-61F59281A737}.Release|Any CPU.ActiveCfg = Release|Any CPU
		{BB5264FA-6DA1-40A9-8DC3-61F59281A737}.Release|Any CPU.Build.0 = Release|Any CPU
		{8292B7B8-B7C1-45AB-A160-D9492A247B54}.Debug|Any CPU.ActiveCfg = Debug|Any CPU
		{8292B7B8-B7C1-45AB-A160-D9492A247B54}.Debug|Any CPU.Build.0 = Debug|Any CPU
		{8292B7B8-B7C1-45AB-A160-D9492A247B54}.Release|Any CPU.ActiveCfg = Release|Any CPU
		{8292B7B8-B7C1-45AB-A160-D9492A247B54}.Release|Any CPU.Build.0 = Release|Any CPU
		{1D3D2B7B-E6CD-4FC4-B60E-1D29EDBB1FA9}.Debug|Any CPU.ActiveCfg = Debug|Any CPU
		{1D3D2B7B-E6CD-4FC4-B60E-1D29EDBB1FA9}.Debug|Any CPU.Build.0 = Debug|Any CPU
		{1D3D2B7B-E6CD-4FC4-B60E-1D29EDBB1FA9}.Release|Any CPU.ActiveCfg = Release|Any CPU
		{1D3D2B7B-E6CD-4FC4-B60E-1D29EDBB1FA9}.Release|Any CPU.Build.0 = Release|Any CPU
		{4B79C5CD-F21B-4D14-AAB8-176E9856CDC8}.Debug|Any CPU.ActiveCfg = Debug|Any CPU
		{4B79C5CD-F21B-4D14-AAB8-176E9856CDC8}.Debug|Any CPU.Build.0 = Debug|Any CPU
		{4B79C5CD-F21B-4D14-AAB8-176E9856CDC8}.Release|Any CPU.ActiveCfg = Release|Any CPU
		{4B79C5CD-F21B-4D14-AAB8-176E9856CDC8}.Release|Any CPU.Build.0 = Release|Any CPU
		{47FD07F6-839E-4134-8C19-C1AD43FF7304}.Debug|Any CPU.ActiveCfg = Debug|Any CPU
		{47FD07F6-839E-4134-8C19-C1AD43FF7304}.Debug|Any CPU.Build.0 = Debug|Any CPU
		{47FD07F6-839E-4134-8C19-C1AD43FF7304}.Release|Any CPU.ActiveCfg = Release|Any CPU
		{47FD07F6-839E-4134-8C19-C1AD43FF7304}.Release|Any CPU.Build.0 = Release|Any CPU
		{C86C1886-8F44-4BC9-BAD6-5B699BDCEE9F}.Debug|Any CPU.ActiveCfg = Debug|Any CPU
		{C86C1886-8F44-4BC9-BAD6-5B699BDCEE9F}.Debug|Any CPU.Build.0 = Debug|Any CPU
		{C86C1886-8F44-4BC9-BAD6-5B699BDCEE9F}.Release|Any CPU.ActiveCfg = Release|Any CPU
		{C86C1886-8F44-4BC9-BAD6-5B699BDCEE9F}.Release|Any CPU.Build.0 = Release|Any CPU
		{83145790-4D36-4308-A4EA-8BD8560E1A03}.Debug|Any CPU.ActiveCfg = Debug|Any CPU
		{83145790-4D36-4308-A4EA-8BD8560E1A03}.Debug|Any CPU.Build.0 = Debug|Any CPU
		{83145790-4D36-4308-A4EA-8BD8560E1A03}.Release|Any CPU.ActiveCfg = Release|Any CPU
		{83145790-4D36-4308-A4EA-8BD8560E1A03}.Release|Any CPU.Build.0 = Release|Any CPU
		{81A8B2ED-268B-4096-A4CB-571A8AD7A839}.Debug|Any CPU.ActiveCfg = Debug|Any CPU
		{81A8B2ED-268B-4096-A4CB-571A8AD7A839}.Debug|Any CPU.Build.0 = Debug|Any CPU
		{81A8B2ED-268B-4096-A4CB-571A8AD7A839}.Release|Any CPU.ActiveCfg = Release|Any CPU
		{81A8B2ED-268B-4096-A4CB-571A8AD7A839}.Release|Any CPU.Build.0 = Release|Any CPU
		{E21D4CD5-99FC-413C-9CA2-82293BA9CD68}.Debug|Any CPU.ActiveCfg = Debug|Any CPU
		{E21D4CD5-99FC-413C-9CA2-82293BA9CD68}.Debug|Any CPU.Build.0 = Debug|Any CPU
		{E21D4CD5-99FC-413C-9CA2-82293BA9CD68}.Release|Any CPU.ActiveCfg = Release|Any CPU
		{E21D4CD5-99FC-413C-9CA2-82293BA9CD68}.Release|Any CPU.Build.0 = Release|Any CPU
		{37C58F3D-B9BB-4582-A19D-52C88038BF63}.Debug|Any CPU.ActiveCfg = Debug|Any CPU
		{37C58F3D-B9BB-4582-A19D-52C88038BF63}.Debug|Any CPU.Build.0 = Debug|Any CPU
		{37C58F3D-B9BB-4582-A19D-52C88038BF63}.Release|Any CPU.ActiveCfg = Release|Any CPU
		{37C58F3D-B9BB-4582-A19D-52C88038BF63}.Release|Any CPU.Build.0 = Release|Any CPU
		{9E964771-8ABE-419E-95E9-2477170A008D}.Debug|Any CPU.ActiveCfg = Debug|Any CPU
		{9E964771-8ABE-419E-95E9-2477170A008D}.Debug|Any CPU.Build.0 = Debug|Any CPU
		{9E964771-8ABE-419E-95E9-2477170A008D}.Release|Any CPU.ActiveCfg = Release|Any CPU
		{9E964771-8ABE-419E-95E9-2477170A008D}.Release|Any CPU.Build.0 = Release|Any CPU
		{803910DE-7453-4A20-BF3E-B543496A1A5D}.Debug|Any CPU.ActiveCfg = Debug|Any CPU
		{803910DE-7453-4A20-BF3E-B543496A1A5D}.Debug|Any CPU.Build.0 = Debug|Any CPU
		{803910DE-7453-4A20-BF3E-B543496A1A5D}.Release|Any CPU.ActiveCfg = Release|Any CPU
		{803910DE-7453-4A20-BF3E-B543496A1A5D}.Release|Any CPU.Build.0 = Release|Any CPU
		{C050A071-D88D-45C6-9317-6C601442561A}.Debug|Any CPU.ActiveCfg = Debug|Any CPU
		{C050A071-D88D-45C6-9317-6C601442561A}.Debug|Any CPU.Build.0 = Debug|Any CPU
		{C050A071-D88D-45C6-9317-6C601442561A}.Release|Any CPU.ActiveCfg = Release|Any CPU
		{C050A071-D88D-45C6-9317-6C601442561A}.Release|Any CPU.Build.0 = Release|Any CPU
		{D7B1FC3A-317E-4526-BCF4-1B9A43F4E526}.Debug|Any CPU.ActiveCfg = Debug|Any CPU
		{D7B1FC3A-317E-4526-BCF4-1B9A43F4E526}.Debug|Any CPU.Build.0 = Debug|Any CPU
		{D7B1FC3A-317E-4526-BCF4-1B9A43F4E526}.Release|Any CPU.ActiveCfg = Release|Any CPU
		{D7B1FC3A-317E-4526-BCF4-1B9A43F4E526}.Release|Any CPU.Build.0 = Release|Any CPU
		{E488DFEF-B276-4B85-9AE8-CF93FCEF425D}.Debug|Any CPU.ActiveCfg = Debug|Any CPU
		{E488DFEF-B276-4B85-9AE8-CF93FCEF425D}.Debug|Any CPU.Build.0 = Debug|Any CPU
		{E488DFEF-B276-4B85-9AE8-CF93FCEF425D}.Release|Any CPU.ActiveCfg = Release|Any CPU
		{E488DFEF-B276-4B85-9AE8-CF93FCEF425D}.Release|Any CPU.Build.0 = Release|Any CPU
		{D602BFE1-E2DB-4325-8C3E-C3198B0C44FA}.Debug|Any CPU.ActiveCfg = Debug|Any CPU
		{D602BFE1-E2DB-4325-8C3E-C3198B0C44FA}.Debug|Any CPU.Build.0 = Debug|Any CPU
		{D602BFE1-E2DB-4325-8C3E-C3198B0C44FA}.Release|Any CPU.ActiveCfg = Release|Any CPU
		{D602BFE1-E2DB-4325-8C3E-C3198B0C44FA}.Release|Any CPU.Build.0 = Release|Any CPU
		{6A64B648-2765-4CA4-B318-2B7B1CBAF20B}.Debug|Any CPU.ActiveCfg = Debug|Any CPU
		{6A64B648-2765-4CA4-B318-2B7B1CBAF20B}.Debug|Any CPU.Build.0 = Debug|Any CPU
		{6A64B648-2765-4CA4-B318-2B7B1CBAF20B}.Release|Any CPU.ActiveCfg = Release|Any CPU
		{6A64B648-2765-4CA4-B318-2B7B1CBAF20B}.Release|Any CPU.Build.0 = Release|Any CPU
		{C3F9E700-C2A8-4429-9D70-8D90FE43600E}.Debug|Any CPU.ActiveCfg = Debug|Any CPU
		{C3F9E700-C2A8-4429-9D70-8D90FE43600E}.Debug|Any CPU.Build.0 = Debug|Any CPU
		{C3F9E700-C2A8-4429-9D70-8D90FE43600E}.Release|Any CPU.ActiveCfg = Release|Any CPU
		{C3F9E700-C2A8-4429-9D70-8D90FE43600E}.Release|Any CPU.Build.0 = Release|Any CPU
		{B3F9D95B-0975-4C1F-AB6B-CB320C8F27E2}.Debug|Any CPU.ActiveCfg = Debug|Any CPU
		{B3F9D95B-0975-4C1F-AB6B-CB320C8F27E2}.Debug|Any CPU.Build.0 = Debug|Any CPU
		{B3F9D95B-0975-4C1F-AB6B-CB320C8F27E2}.Release|Any CPU.ActiveCfg = Release|Any CPU
		{B3F9D95B-0975-4C1F-AB6B-CB320C8F27E2}.Release|Any CPU.Build.0 = Release|Any CPU
		{A5BD83B9-51E2-4CB1-A4D6-3F7CDDAD03BC}.Debug|Any CPU.ActiveCfg = Debug|Any CPU
		{A5BD83B9-51E2-4CB1-A4D6-3F7CDDAD03BC}.Debug|Any CPU.Build.0 = Debug|Any CPU
		{A5BD83B9-51E2-4CB1-A4D6-3F7CDDAD03BC}.Release|Any CPU.ActiveCfg = Release|Any CPU
		{A5BD83B9-51E2-4CB1-A4D6-3F7CDDAD03BC}.Release|Any CPU.Build.0 = Release|Any CPU
		{2E4915E0-AE74-4BB8-ABF8-6DB1CCC16DB2}.Debug|Any CPU.ActiveCfg = Debug|Any CPU
		{2E4915E0-AE74-4BB8-ABF8-6DB1CCC16DB2}.Debug|Any CPU.Build.0 = Debug|Any CPU
		{2E4915E0-AE74-4BB8-ABF8-6DB1CCC16DB2}.Release|Any CPU.ActiveCfg = Release|Any CPU
		{2E4915E0-AE74-4BB8-ABF8-6DB1CCC16DB2}.Release|Any CPU.Build.0 = Release|Any CPU
		{05C38162-84B4-4477-87B2-56004F59E6BB}.Debug|Any CPU.ActiveCfg = Debug|Any CPU
		{05C38162-84B4-4477-87B2-56004F59E6BB}.Debug|Any CPU.Build.0 = Debug|Any CPU
		{05C38162-84B4-4477-87B2-56004F59E6BB}.Release|Any CPU.ActiveCfg = Release|Any CPU
		{05C38162-84B4-4477-87B2-56004F59E6BB}.Release|Any CPU.Build.0 = Release|Any CPU
		{2D369930-FF7D-490D-82F8-1A6F009799E7}.Debug|Any CPU.ActiveCfg = Debug|Any CPU
		{2D369930-FF7D-490D-82F8-1A6F009799E7}.Debug|Any CPU.Build.0 = Debug|Any CPU
		{2D369930-FF7D-490D-82F8-1A6F009799E7}.Release|Any CPU.ActiveCfg = Release|Any CPU
		{2D369930-FF7D-490D-82F8-1A6F009799E7}.Release|Any CPU.Build.0 = Release|Any CPU
		{2688365C-58C0-4219-8F87-D9D0C0BF21E8}.Debug|Any CPU.ActiveCfg = Debug|Any CPU
		{2688365C-58C0-4219-8F87-D9D0C0BF21E8}.Debug|Any CPU.Build.0 = Debug|Any CPU
		{2688365C-58C0-4219-8F87-D9D0C0BF21E8}.Release|Any CPU.ActiveCfg = Release|Any CPU
		{2688365C-58C0-4219-8F87-D9D0C0BF21E8}.Release|Any CPU.Build.0 = Release|Any CPU
		{6362531D-B878-4136-8BAA-2EB45A25BF81}.Debug|Any CPU.ActiveCfg = Debug|Any CPU
		{6362531D-B878-4136-8BAA-2EB45A25BF81}.Debug|Any CPU.Build.0 = Debug|Any CPU
		{6362531D-B878-4136-8BAA-2EB45A25BF81}.Release|Any CPU.ActiveCfg = Release|Any CPU
		{6362531D-B878-4136-8BAA-2EB45A25BF81}.Release|Any CPU.Build.0 = Release|Any CPU
		{EEE6E40F-EA45-4FF3-BB0A-C4350AD346B2}.Debug|Any CPU.ActiveCfg = Debug|Any CPU
		{EEE6E40F-EA45-4FF3-BB0A-C4350AD346B2}.Debug|Any CPU.Build.0 = Debug|Any CPU
		{EEE6E40F-EA45-4FF3-BB0A-C4350AD346B2}.Release|Any CPU.ActiveCfg = Release|Any CPU
		{EEE6E40F-EA45-4FF3-BB0A-C4350AD346B2}.Release|Any CPU.Build.0 = Release|Any CPU
		{C60A0767-DF78-4698-8AF6-4A7D850A54F5}.Debug|Any CPU.ActiveCfg = Debug|Any CPU
		{C60A0767-DF78-4698-8AF6-4A7D850A54F5}.Debug|Any CPU.Build.0 = Debug|Any CPU
		{C60A0767-DF78-4698-8AF6-4A7D850A54F5}.Release|Any CPU.ActiveCfg = Release|Any CPU
		{C60A0767-DF78-4698-8AF6-4A7D850A54F5}.Release|Any CPU.Build.0 = Release|Any CPU
		{75A59795-0A94-454A-BAF6-8B258E96E7F0}.Debug|Any CPU.ActiveCfg = Debug|Any CPU
		{75A59795-0A94-454A-BAF6-8B258E96E7F0}.Debug|Any CPU.Build.0 = Debug|Any CPU
		{75A59795-0A94-454A-BAF6-8B258E96E7F0}.Release|Any CPU.ActiveCfg = Release|Any CPU
		{75A59795-0A94-454A-BAF6-8B258E96E7F0}.Release|Any CPU.Build.0 = Release|Any CPU
		{EF6EEAF1-62F9-4F72-B015-8FFC146AD422}.Debug|Any CPU.ActiveCfg = Debug|Any CPU
		{EF6EEAF1-62F9-4F72-B015-8FFC146AD422}.Debug|Any CPU.Build.0 = Debug|Any CPU
		{EF6EEAF1-62F9-4F72-B015-8FFC146AD422}.Release|Any CPU.ActiveCfg = Release|Any CPU
		{EF6EEAF1-62F9-4F72-B015-8FFC146AD422}.Release|Any CPU.Build.0 = Release|Any CPU
		{52F0667C-2D45-4B2A-8741-2F0ED11A6706}.Debug|Any CPU.ActiveCfg = Debug|Any CPU
		{52F0667C-2D45-4B2A-8741-2F0ED11A6706}.Debug|Any CPU.Build.0 = Debug|Any CPU
		{52F0667C-2D45-4B2A-8741-2F0ED11A6706}.Release|Any CPU.ActiveCfg = Release|Any CPU
		{52F0667C-2D45-4B2A-8741-2F0ED11A6706}.Release|Any CPU.Build.0 = Release|Any CPU
		{07FA1006-1E2A-45F6-9F94-976C19CCF99E}.Debug|Any CPU.ActiveCfg = Debug|Any CPU
		{07FA1006-1E2A-45F6-9F94-976C19CCF99E}.Debug|Any CPU.Build.0 = Debug|Any CPU
		{07FA1006-1E2A-45F6-9F94-976C19CCF99E}.Release|Any CPU.ActiveCfg = Release|Any CPU
		{07FA1006-1E2A-45F6-9F94-976C19CCF99E}.Release|Any CPU.Build.0 = Release|Any CPU
		{480D5061-132F-4487-A4FC-AE133D8649AB}.Debug|Any CPU.ActiveCfg = Debug|Any CPU
		{480D5061-132F-4487-A4FC-AE133D8649AB}.Debug|Any CPU.Build.0 = Debug|Any CPU
		{480D5061-132F-4487-A4FC-AE133D8649AB}.Release|Any CPU.ActiveCfg = Release|Any CPU
		{480D5061-132F-4487-A4FC-AE133D8649AB}.Release|Any CPU.Build.0 = Release|Any CPU
		{13E915CA-9599-457D-8EB0-92E366DEDBD6}.Debug|Any CPU.ActiveCfg = Debug|Any CPU
		{13E915CA-9599-457D-8EB0-92E366DEDBD6}.Debug|Any CPU.Build.0 = Debug|Any CPU
		{13E915CA-9599-457D-8EB0-92E366DEDBD6}.Release|Any CPU.ActiveCfg = Release|Any CPU
		{13E915CA-9599-457D-8EB0-92E366DEDBD6}.Release|Any CPU.Build.0 = Release|Any CPU
		{79F77776-D253-4775-9D76-30D5B3A26584}.Debug|Any CPU.ActiveCfg = Debug|Any CPU
		{79F77776-D253-4775-9D76-30D5B3A26584}.Debug|Any CPU.Build.0 = Debug|Any CPU
		{79F77776-D253-4775-9D76-30D5B3A26584}.Release|Any CPU.ActiveCfg = Release|Any CPU
		{79F77776-D253-4775-9D76-30D5B3A26584}.Release|Any CPU.Build.0 = Release|Any CPU
		{E4863D8C-5754-491B-82D5-24ED508348D7}.Debug|Any CPU.ActiveCfg = Debug|Any CPU
		{E4863D8C-5754-491B-82D5-24ED508348D7}.Debug|Any CPU.Build.0 = Debug|Any CPU
		{E4863D8C-5754-491B-82D5-24ED508348D7}.Release|Any CPU.ActiveCfg = Release|Any CPU
		{E4863D8C-5754-491B-82D5-24ED508348D7}.Release|Any CPU.Build.0 = Release|Any CPU
		{2374B192-F190-47ED-A143-76CD0F9015E2}.Debug|Any CPU.ActiveCfg = Debug|Any CPU
		{2374B192-F190-47ED-A143-76CD0F9015E2}.Debug|Any CPU.Build.0 = Debug|Any CPU
		{2374B192-F190-47ED-A143-76CD0F9015E2}.Release|Any CPU.ActiveCfg = Release|Any CPU
		{2374B192-F190-47ED-A143-76CD0F9015E2}.Release|Any CPU.Build.0 = Release|Any CPU
		{5D957F90-55E7-4EAF-A6C9-9106104A6D4D}.Debug|Any CPU.ActiveCfg = Debug|Any CPU
		{5D957F90-55E7-4EAF-A6C9-9106104A6D4D}.Debug|Any CPU.Build.0 = Debug|Any CPU
		{5D957F90-55E7-4EAF-A6C9-9106104A6D4D}.Release|Any CPU.ActiveCfg = Release|Any CPU
		{5D957F90-55E7-4EAF-A6C9-9106104A6D4D}.Release|Any CPU.Build.0 = Release|Any CPU
		{0640405D-DB7B-44A2-8480-DD15539AB738}.Debug|Any CPU.ActiveCfg = Debug|Any CPU
		{0640405D-DB7B-44A2-8480-DD15539AB738}.Debug|Any CPU.Build.0 = Debug|Any CPU
		{0640405D-DB7B-44A2-8480-DD15539AB738}.Release|Any CPU.ActiveCfg = Release|Any CPU
		{0640405D-DB7B-44A2-8480-DD15539AB738}.Release|Any CPU.Build.0 = Release|Any CPU
		{4F96D5FC-6495-4040-BFE6-2F4BE8AC4BA0}.Debug|Any CPU.ActiveCfg = Debug|Any CPU
		{4F96D5FC-6495-4040-BFE6-2F4BE8AC4BA0}.Debug|Any CPU.Build.0 = Debug|Any CPU
		{4F96D5FC-6495-4040-BFE6-2F4BE8AC4BA0}.Release|Any CPU.ActiveCfg = Release|Any CPU
		{4F96D5FC-6495-4040-BFE6-2F4BE8AC4BA0}.Release|Any CPU.Build.0 = Release|Any CPU
		{173122FE-6EC4-4959-9659-604662E61298}.Debug|Any CPU.ActiveCfg = Debug|Any CPU
		{173122FE-6EC4-4959-9659-604662E61298}.Debug|Any CPU.Build.0 = Debug|Any CPU
		{173122FE-6EC4-4959-9659-604662E61298}.Release|Any CPU.ActiveCfg = Release|Any CPU
		{173122FE-6EC4-4959-9659-604662E61298}.Release|Any CPU.Build.0 = Release|Any CPU
		{9FAEE071-73D9-4CE4-BC0B-1CFBF1EE3556}.Debug|Any CPU.ActiveCfg = Debug|Any CPU
		{9FAEE071-73D9-4CE4-BC0B-1CFBF1EE3556}.Debug|Any CPU.Build.0 = Debug|Any CPU
		{9FAEE071-73D9-4CE4-BC0B-1CFBF1EE3556}.Release|Any CPU.ActiveCfg = Release|Any CPU
		{9FAEE071-73D9-4CE4-BC0B-1CFBF1EE3556}.Release|Any CPU.Build.0 = Release|Any CPU
		{B0702B17-0C39-4DB7-AB51-08D2FC714B1A}.Debug|Any CPU.ActiveCfg = Debug|Any CPU
		{B0702B17-0C39-4DB7-AB51-08D2FC714B1A}.Debug|Any CPU.Build.0 = Debug|Any CPU
		{B0702B17-0C39-4DB7-AB51-08D2FC714B1A}.Release|Any CPU.ActiveCfg = Release|Any CPU
		{B0702B17-0C39-4DB7-AB51-08D2FC714B1A}.Release|Any CPU.Build.0 = Release|Any CPU
		{A2B5F319-7FBB-4559-BB24-6F8D847EE7D1}.Debug|Any CPU.ActiveCfg = Debug|Any CPU
		{A2B5F319-7FBB-4559-BB24-6F8D847EE7D1}.Debug|Any CPU.Build.0 = Debug|Any CPU
		{A2B5F319-7FBB-4559-BB24-6F8D847EE7D1}.Release|Any CPU.ActiveCfg = Release|Any CPU
		{A2B5F319-7FBB-4559-BB24-6F8D847EE7D1}.Release|Any CPU.Build.0 = Release|Any CPU
		{05C7CA35-9209-4DB5-A567-48BDAA21472A}.Debug|Any CPU.ActiveCfg = Debug|Any CPU
		{05C7CA35-9209-4DB5-A567-48BDAA21472A}.Debug|Any CPU.Build.0 = Debug|Any CPU
		{05C7CA35-9209-4DB5-A567-48BDAA21472A}.Release|Any CPU.ActiveCfg = Release|Any CPU
		{05C7CA35-9209-4DB5-A567-48BDAA21472A}.Release|Any CPU.Build.0 = Release|Any CPU
		{1870C344-632B-4BA2-9873-8D7C0A2D98F7}.Debug|Any CPU.ActiveCfg = Debug|Any CPU
		{1870C344-632B-4BA2-9873-8D7C0A2D98F7}.Debug|Any CPU.Build.0 = Debug|Any CPU
		{1870C344-632B-4BA2-9873-8D7C0A2D98F7}.Release|Any CPU.ActiveCfg = Release|Any CPU
		{1870C344-632B-4BA2-9873-8D7C0A2D98F7}.Release|Any CPU.Build.0 = Release|Any CPU
		{8AD9C60F-7ADF-4BB2-B9D2-76DC9924E2CD}.Debug|Any CPU.ActiveCfg = Debug|Any CPU
		{8AD9C60F-7ADF-4BB2-B9D2-76DC9924E2CD}.Debug|Any CPU.Build.0 = Debug|Any CPU
		{8AD9C60F-7ADF-4BB2-B9D2-76DC9924E2CD}.Release|Any CPU.ActiveCfg = Release|Any CPU
		{8AD9C60F-7ADF-4BB2-B9D2-76DC9924E2CD}.Release|Any CPU.Build.0 = Release|Any CPU
		{4AAEAF3B-A2C4-46A8-A746-6CA56421D829}.Debug|Any CPU.ActiveCfg = Debug|Any CPU
		{4AAEAF3B-A2C4-46A8-A746-6CA56421D829}.Debug|Any CPU.Build.0 = Debug|Any CPU
		{4AAEAF3B-A2C4-46A8-A746-6CA56421D829}.Release|Any CPU.ActiveCfg = Release|Any CPU
		{4AAEAF3B-A2C4-46A8-A746-6CA56421D829}.Release|Any CPU.Build.0 = Release|Any CPU
		{45FF354D-7D6E-498E-B9A1-5AEAC6AE7300}.Debug|Any CPU.ActiveCfg = Debug|Any CPU
		{45FF354D-7D6E-498E-B9A1-5AEAC6AE7300}.Debug|Any CPU.Build.0 = Debug|Any CPU
		{45FF354D-7D6E-498E-B9A1-5AEAC6AE7300}.Release|Any CPU.ActiveCfg = Release|Any CPU
		{45FF354D-7D6E-498E-B9A1-5AEAC6AE7300}.Release|Any CPU.Build.0 = Release|Any CPU
		{09701743-0ABC-4E1A-A088-14FACB5654A3}.Debug|Any CPU.ActiveCfg = Debug|Any CPU
		{09701743-0ABC-4E1A-A088-14FACB5654A3}.Debug|Any CPU.Build.0 = Debug|Any CPU
		{09701743-0ABC-4E1A-A088-14FACB5654A3}.Release|Any CPU.ActiveCfg = Release|Any CPU
		{09701743-0ABC-4E1A-A088-14FACB5654A3}.Release|Any CPU.Build.0 = Release|Any CPU
		{01B1795F-381C-4C35-85F7-3C7D80D28788}.Debug|Any CPU.ActiveCfg = Debug|Any CPU
		{01B1795F-381C-4C35-85F7-3C7D80D28788}.Debug|Any CPU.Build.0 = Debug|Any CPU
		{01B1795F-381C-4C35-85F7-3C7D80D28788}.Release|Any CPU.ActiveCfg = Release|Any CPU
		{01B1795F-381C-4C35-85F7-3C7D80D28788}.Release|Any CPU.Build.0 = Release|Any CPU
		{958094C7-2307-4D40-90A1-FCBC7328850A}.Debug|Any CPU.ActiveCfg = Debug|Any CPU
		{958094C7-2307-4D40-90A1-FCBC7328850A}.Debug|Any CPU.Build.0 = Debug|Any CPU
		{958094C7-2307-4D40-90A1-FCBC7328850A}.Release|Any CPU.ActiveCfg = Release|Any CPU
		{958094C7-2307-4D40-90A1-FCBC7328850A}.Release|Any CPU.Build.0 = Release|Any CPU
		{57F92251-30DD-459B-9FD6-0EBBE7D61D9A}.Debug|Any CPU.ActiveCfg = Debug|Any CPU
		{57F92251-30DD-459B-9FD6-0EBBE7D61D9A}.Debug|Any CPU.Build.0 = Debug|Any CPU
		{57F92251-30DD-459B-9FD6-0EBBE7D61D9A}.Release|Any CPU.ActiveCfg = Release|Any CPU
		{57F92251-30DD-459B-9FD6-0EBBE7D61D9A}.Release|Any CPU.Build.0 = Release|Any CPU
		{BD7DF7A1-4876-40D9-814A-3FC6AC5C172E}.Debug|Any CPU.ActiveCfg = Debug|Any CPU
		{BD7DF7A1-4876-40D9-814A-3FC6AC5C172E}.Debug|Any CPU.Build.0 = Debug|Any CPU
		{BD7DF7A1-4876-40D9-814A-3FC6AC5C172E}.Release|Any CPU.ActiveCfg = Release|Any CPU
		{BD7DF7A1-4876-40D9-814A-3FC6AC5C172E}.Release|Any CPU.Build.0 = Release|Any CPU
		{2A7C0D26-3089-4C62-AA43-F4AE22572D62}.Debug|Any CPU.ActiveCfg = Debug|Any CPU
		{2A7C0D26-3089-4C62-AA43-F4AE22572D62}.Debug|Any CPU.Build.0 = Debug|Any CPU
		{2A7C0D26-3089-4C62-AA43-F4AE22572D62}.Release|Any CPU.ActiveCfg = Release|Any CPU
		{2A7C0D26-3089-4C62-AA43-F4AE22572D62}.Release|Any CPU.Build.0 = Release|Any CPU
		{636DF9F2-5649-44AB-B0D5-8337CC8D8DCC}.Debug|Any CPU.ActiveCfg = Debug|Any CPU
		{636DF9F2-5649-44AB-B0D5-8337CC8D8DCC}.Debug|Any CPU.Build.0 = Debug|Any CPU
		{636DF9F2-5649-44AB-B0D5-8337CC8D8DCC}.Release|Any CPU.ActiveCfg = Release|Any CPU
		{636DF9F2-5649-44AB-B0D5-8337CC8D8DCC}.Release|Any CPU.Build.0 = Release|Any CPU
		{F2967AF4-BFA0-4BA2-8F54-993CB1196038}.Debug|Any CPU.ActiveCfg = Debug|Any CPU
		{F2967AF4-BFA0-4BA2-8F54-993CB1196038}.Debug|Any CPU.Build.0 = Debug|Any CPU
		{F2967AF4-BFA0-4BA2-8F54-993CB1196038}.Release|Any CPU.ActiveCfg = Release|Any CPU
		{F2967AF4-BFA0-4BA2-8F54-993CB1196038}.Release|Any CPU.Build.0 = Release|Any CPU
		{92659A8D-13C5-49D6-BDD1-E9A9B9372C41}.Debug|Any CPU.ActiveCfg = Debug|Any CPU
		{92659A8D-13C5-49D6-BDD1-E9A9B9372C41}.Debug|Any CPU.Build.0 = Debug|Any CPU
		{92659A8D-13C5-49D6-BDD1-E9A9B9372C41}.Release|Any CPU.ActiveCfg = Release|Any CPU
		{92659A8D-13C5-49D6-BDD1-E9A9B9372C41}.Release|Any CPU.Build.0 = Release|Any CPU
		{E3F4A84F-DB3B-4237-A392-F484AB57867F}.Debug|Any CPU.ActiveCfg = Debug|Any CPU
		{E3F4A84F-DB3B-4237-A392-F484AB57867F}.Debug|Any CPU.Build.0 = Debug|Any CPU
		{E3F4A84F-DB3B-4237-A392-F484AB57867F}.Release|Any CPU.ActiveCfg = Release|Any CPU
		{E3F4A84F-DB3B-4237-A392-F484AB57867F}.Release|Any CPU.Build.0 = Release|Any CPU
		{F26D8C34-3577-41E6-8757-BF0174819C02}.Debug|Any CPU.ActiveCfg = Debug|Any CPU
		{F26D8C34-3577-41E6-8757-BF0174819C02}.Debug|Any CPU.Build.0 = Debug|Any CPU
		{F26D8C34-3577-41E6-8757-BF0174819C02}.Release|Any CPU.ActiveCfg = Release|Any CPU
		{F26D8C34-3577-41E6-8757-BF0174819C02}.Release|Any CPU.Build.0 = Release|Any CPU
		{DFEA021F-2BBD-401E-89E8-B5605C46405B}.Debug|Any CPU.ActiveCfg = Debug|Any CPU
		{DFEA021F-2BBD-401E-89E8-B5605C46405B}.Debug|Any CPU.Build.0 = Debug|Any CPU
		{DFEA021F-2BBD-401E-89E8-B5605C46405B}.Release|Any CPU.ActiveCfg = Release|Any CPU
		{DFEA021F-2BBD-401E-89E8-B5605C46405B}.Release|Any CPU.Build.0 = Release|Any CPU
		{50417070-6C3E-4837-A28E-C8C26892DDB3}.Debug|Any CPU.ActiveCfg = Debug|Any CPU
		{50417070-6C3E-4837-A28E-C8C26892DDB3}.Debug|Any CPU.Build.0 = Debug|Any CPU
		{50417070-6C3E-4837-A28E-C8C26892DDB3}.Release|Any CPU.ActiveCfg = Release|Any CPU
		{50417070-6C3E-4837-A28E-C8C26892DDB3}.Release|Any CPU.Build.0 = Release|Any CPU
		{09A62677-9C07-4941-800E-05D4F4BF200D}.Debug|Any CPU.ActiveCfg = Debug|Any CPU
		{09A62677-9C07-4941-800E-05D4F4BF200D}.Debug|Any CPU.Build.0 = Debug|Any CPU
		{09A62677-9C07-4941-800E-05D4F4BF200D}.Release|Any CPU.ActiveCfg = Release|Any CPU
		{09A62677-9C07-4941-800E-05D4F4BF200D}.Release|Any CPU.Build.0 = Release|Any CPU
		{7E82284C-67BA-4337-A254-71682F2CDB0B}.Debug|Any CPU.ActiveCfg = Debug|Any CPU
		{7E82284C-67BA-4337-A254-71682F2CDB0B}.Debug|Any CPU.Build.0 = Debug|Any CPU
		{7E82284C-67BA-4337-A254-71682F2CDB0B}.Release|Any CPU.ActiveCfg = Release|Any CPU
		{7E82284C-67BA-4337-A254-71682F2CDB0B}.Release|Any CPU.Build.0 = Release|Any CPU
		{DFFDE742-ACBF-4336-9EF0-D840215FB609}.Debug|Any CPU.ActiveCfg = Debug|Any CPU
		{DFFDE742-ACBF-4336-9EF0-D840215FB609}.Debug|Any CPU.Build.0 = Debug|Any CPU
		{DFFDE742-ACBF-4336-9EF0-D840215FB609}.Release|Any CPU.ActiveCfg = Release|Any CPU
		{DFFDE742-ACBF-4336-9EF0-D840215FB609}.Release|Any CPU.Build.0 = Release|Any CPU
		{07DA4B5C-0FD1-42E7-9E18-FD31126C34FF}.Debug|Any CPU.ActiveCfg = Debug|Any CPU
		{07DA4B5C-0FD1-42E7-9E18-FD31126C34FF}.Debug|Any CPU.Build.0 = Debug|Any CPU
		{07DA4B5C-0FD1-42E7-9E18-FD31126C34FF}.Release|Any CPU.ActiveCfg = Release|Any CPU
		{07DA4B5C-0FD1-42E7-9E18-FD31126C34FF}.Release|Any CPU.Build.0 = Release|Any CPU
		{6B43B6C3-DB10-4CFF-9461-822C9BB50214}.Debug|Any CPU.ActiveCfg = Debug|Any CPU
		{6B43B6C3-DB10-4CFF-9461-822C9BB50214}.Debug|Any CPU.Build.0 = Debug|Any CPU
		{6B43B6C3-DB10-4CFF-9461-822C9BB50214}.Release|Any CPU.ActiveCfg = Release|Any CPU
		{6B43B6C3-DB10-4CFF-9461-822C9BB50214}.Release|Any CPU.Build.0 = Release|Any CPU
		{D773D0A5-15B8-44FD-A4FC-A41733E9B268}.Debug|Any CPU.ActiveCfg = Debug|Any CPU
		{D773D0A5-15B8-44FD-A4FC-A41733E9B268}.Debug|Any CPU.Build.0 = Debug|Any CPU
		{D773D0A5-15B8-44FD-A4FC-A41733E9B268}.Release|Any CPU.ActiveCfg = Release|Any CPU
		{D773D0A5-15B8-44FD-A4FC-A41733E9B268}.Release|Any CPU.Build.0 = Release|Any CPU
		{ABECD8A6-0A32-48C7-AFDA-0B01C0B72CF3}.Debug|Any CPU.ActiveCfg = Debug|Any CPU
		{ABECD8A6-0A32-48C7-AFDA-0B01C0B72CF3}.Debug|Any CPU.Build.0 = Debug|Any CPU
		{ABECD8A6-0A32-48C7-AFDA-0B01C0B72CF3}.Release|Any CPU.ActiveCfg = Release|Any CPU
		{ABECD8A6-0A32-48C7-AFDA-0B01C0B72CF3}.Release|Any CPU.Build.0 = Release|Any CPU
		{8A23123A-E3AC-4FCA-8B20-AA7011FBBB81}.Debug|Any CPU.ActiveCfg = Debug|Any CPU
		{8A23123A-E3AC-4FCA-8B20-AA7011FBBB81}.Debug|Any CPU.Build.0 = Debug|Any CPU
		{8A23123A-E3AC-4FCA-8B20-AA7011FBBB81}.Release|Any CPU.ActiveCfg = Release|Any CPU
		{8A23123A-E3AC-4FCA-8B20-AA7011FBBB81}.Release|Any CPU.Build.0 = Release|Any CPU
		{0549E339-1648-495E-82CB-B4B798F54C5E}.Debug|Any CPU.ActiveCfg = Debug|Any CPU
		{0549E339-1648-495E-82CB-B4B798F54C5E}.Debug|Any CPU.Build.0 = Debug|Any CPU
		{0549E339-1648-495E-82CB-B4B798F54C5E}.Release|Any CPU.ActiveCfg = Release|Any CPU
		{0549E339-1648-495E-82CB-B4B798F54C5E}.Release|Any CPU.Build.0 = Release|Any CPU
		{9296B2B9-0118-4747-85DE-E3BF4943BBED}.Debug|Any CPU.ActiveCfg = Debug|Any CPU
		{9296B2B9-0118-4747-85DE-E3BF4943BBED}.Debug|Any CPU.Build.0 = Debug|Any CPU
		{9296B2B9-0118-4747-85DE-E3BF4943BBED}.Release|Any CPU.ActiveCfg = Release|Any CPU
		{9296B2B9-0118-4747-85DE-E3BF4943BBED}.Release|Any CPU.Build.0 = Release|Any CPU
		{56B67020-1CDC-45AE-82A7-72CA4A4EA803}.Debug|Any CPU.ActiveCfg = Debug|Any CPU
		{56B67020-1CDC-45AE-82A7-72CA4A4EA803}.Debug|Any CPU.Build.0 = Debug|Any CPU
		{56B67020-1CDC-45AE-82A7-72CA4A4EA803}.Release|Any CPU.ActiveCfg = Release|Any CPU
		{56B67020-1CDC-45AE-82A7-72CA4A4EA803}.Release|Any CPU.Build.0 = Release|Any CPU
		{ABA9854F-63B0-40C3-8A4B-10502739708B}.Debug|Any CPU.ActiveCfg = Debug|Any CPU
		{ABA9854F-63B0-40C3-8A4B-10502739708B}.Debug|Any CPU.Build.0 = Debug|Any CPU
		{ABA9854F-63B0-40C3-8A4B-10502739708B}.Release|Any CPU.ActiveCfg = Release|Any CPU
		{ABA9854F-63B0-40C3-8A4B-10502739708B}.Release|Any CPU.Build.0 = Release|Any CPU
		{50945F99-BCB8-4D54-85DF-72618E88B177}.Debug|Any CPU.ActiveCfg = Debug|Any CPU
		{50945F99-BCB8-4D54-85DF-72618E88B177}.Debug|Any CPU.Build.0 = Debug|Any CPU
		{50945F99-BCB8-4D54-85DF-72618E88B177}.Release|Any CPU.ActiveCfg = Release|Any CPU
		{50945F99-BCB8-4D54-85DF-72618E88B177}.Release|Any CPU.Build.0 = Release|Any CPU
		{B64C9B92-2174-4580-82BA-8C9FCD9A3016}.Debug|Any CPU.ActiveCfg = Debug|Any CPU
		{B64C9B92-2174-4580-82BA-8C9FCD9A3016}.Debug|Any CPU.Build.0 = Debug|Any CPU
		{B64C9B92-2174-4580-82BA-8C9FCD9A3016}.Release|Any CPU.ActiveCfg = Release|Any CPU
		{B64C9B92-2174-4580-82BA-8C9FCD9A3016}.Release|Any CPU.Build.0 = Release|Any CPU
		{72AF486D-77CE-4D89-A6EC-274066275EA4}.Debug|Any CPU.ActiveCfg = Debug|Any CPU
		{72AF486D-77CE-4D89-A6EC-274066275EA4}.Debug|Any CPU.Build.0 = Debug|Any CPU
		{72AF486D-77CE-4D89-A6EC-274066275EA4}.Release|Any CPU.ActiveCfg = Release|Any CPU
		{72AF486D-77CE-4D89-A6EC-274066275EA4}.Release|Any CPU.Build.0 = Release|Any CPU
		{08BF451C-C267-4A0F-AE4F-695571B77763}.Debug|Any CPU.ActiveCfg = Debug|Any CPU
		{08BF451C-C267-4A0F-AE4F-695571B77763}.Debug|Any CPU.Build.0 = Debug|Any CPU
		{08BF451C-C267-4A0F-AE4F-695571B77763}.Release|Any CPU.ActiveCfg = Release|Any CPU
		{08BF451C-C267-4A0F-AE4F-695571B77763}.Release|Any CPU.Build.0 = Release|Any CPU
		{85761CD1-F968-4F18-BFC3-C8A9B1A073F1}.Debug|Any CPU.ActiveCfg = Debug|Any CPU
		{85761CD1-F968-4F18-BFC3-C8A9B1A073F1}.Debug|Any CPU.Build.0 = Debug|Any CPU
		{85761CD1-F968-4F18-BFC3-C8A9B1A073F1}.Release|Any CPU.ActiveCfg = Release|Any CPU
		{85761CD1-F968-4F18-BFC3-C8A9B1A073F1}.Release|Any CPU.Build.0 = Release|Any CPU
		{FF70F37F-FA84-42A9-96BB-A88C50F32D23}.Debug|Any CPU.ActiveCfg = Debug|Any CPU
		{FF70F37F-FA84-42A9-96BB-A88C50F32D23}.Debug|Any CPU.Build.0 = Debug|Any CPU
		{FF70F37F-FA84-42A9-96BB-A88C50F32D23}.Release|Any CPU.ActiveCfg = Release|Any CPU
		{FF70F37F-FA84-42A9-96BB-A88C50F32D23}.Release|Any CPU.Build.0 = Release|Any CPU
		{0BB355E7-FC60-463B-ADA9-8619102BFCA2}.Debug|Any CPU.ActiveCfg = Debug|Any CPU
		{0BB355E7-FC60-463B-ADA9-8619102BFCA2}.Debug|Any CPU.Build.0 = Debug|Any CPU
		{0BB355E7-FC60-463B-ADA9-8619102BFCA2}.Release|Any CPU.ActiveCfg = Release|Any CPU
		{0BB355E7-FC60-463B-ADA9-8619102BFCA2}.Release|Any CPU.Build.0 = Release|Any CPU
		{0B0BE4DC-7C59-4D7C-A681-764CDE6B5760}.Debug|Any CPU.ActiveCfg = Debug|Any CPU
		{0B0BE4DC-7C59-4D7C-A681-764CDE6B5760}.Debug|Any CPU.Build.0 = Debug|Any CPU
		{0B0BE4DC-7C59-4D7C-A681-764CDE6B5760}.Release|Any CPU.ActiveCfg = Release|Any CPU
		{0B0BE4DC-7C59-4D7C-A681-764CDE6B5760}.Release|Any CPU.Build.0 = Release|Any CPU
	EndGlobalSection
	GlobalSection(NestedProjects) = preSolution
		{BDDFEDE2-3412-40F2-9326-FBA0AFF8111D} = {FC6AF28B-BC58-4486-96CC-AD27C0A2266B}
		{9B164ECF-CEA8-4B5C-B00D-B77B241FFA60} = {FC6AF28B-BC58-4486-96CC-AD27C0A2266B}
		{C9E5EFF1-E54B-4DF0-B1CB-CC9B58B492AA} = {FC6AF28B-BC58-4486-96CC-AD27C0A2266B}
		{DB8C3D39-C33E-4DB9-B78E-0EDED6851EA5} = {FC6AF28B-BC58-4486-96CC-AD27C0A2266B}
		{6EA77CA6-20C4-4FF2-9DA7-0901F3E3548A} = {FC6AF28B-BC58-4486-96CC-AD27C0A2266B}
		{EDA39F38-FF8F-4899-AC01-36A5878E1D01} = {1DB0DA0A-91B1-4ABD-BB34-2B38978E34D3}
		{806D784A-BF50-43CE-911C-81CBA7F45BDF} = {EDA39F38-FF8F-4899-AC01-36A5878E1D01}
		{4F238566-A3EA-4D90-BB9A-091BD9071EE5} = {EDA39F38-FF8F-4899-AC01-36A5878E1D01}
		{6B7E1807-FAFF-4542-BAE7-90ECE5A1F042} = {1DB0DA0A-91B1-4ABD-BB34-2B38978E34D3}
		{7404F0EC-536E-4C5B-8C92-EBDCFB125476} = {6B7E1807-FAFF-4542-BAE7-90ECE5A1F042}
		{DCBBC61B-4641-46BA-9B84-676C3DE6AAEF} = {6B7E1807-FAFF-4542-BAE7-90ECE5A1F042}
		{8271BC07-E7ED-418B-96CE-7577AEA475D7} = {1DB0DA0A-91B1-4ABD-BB34-2B38978E34D3}
		{4BB4940D-F045-4EE5-A11B-6B29DF208998} = {8271BC07-E7ED-418B-96CE-7577AEA475D7}
		{B28F63AC-15A8-437E-9C39-2DBEA9F188E2} = {8271BC07-E7ED-418B-96CE-7577AEA475D7}
		{C626DF49-45A5-4FD7-8121-57B49667BB9E} = {1DB0DA0A-91B1-4ABD-BB34-2B38978E34D3}
		{3656F282-3C26-4682-A6AD-CDB821035E09} = {C626DF49-45A5-4FD7-8121-57B49667BB9E}
		{7EA5FD71-DF35-4894-9F55-E179BC2BBA71} = {C626DF49-45A5-4FD7-8121-57B49667BB9E}
		{A2E15AC9-CEF1-4E1B-AF02-7B54B51F5BDD} = {1A455334-20B9-4C6B-864A-78A4D918844C}
		{D802F21C-AE6D-46FD-A794-91C89A5519FE} = {1A455334-20B9-4C6B-864A-78A4D918844C}
		{C1144EFD-C41B-41B9-8B0D-D70EE56BB842} = {EDF5A7CB-BC28-4609-9DA4-75BCCFD20E68}
		{D7FD9A61-CDA7-4FEB-8174-4C15F25D5245} = {EDF5A7CB-BC28-4609-9DA4-75BCCFD20E68}
		{61D05A97-B696-40E6-8BAB-DBE940BD27F1} = {EDF5A7CB-BC28-4609-9DA4-75BCCFD20E68}
		{1B58B785-8ED2-42F1-8FE4-C4F775E1F414} = {EDF5A7CB-BC28-4609-9DA4-75BCCFD20E68}
		{43660868-0E91-48CF-AC12-10C243176064} = {EDF5A7CB-BC28-4609-9DA4-75BCCFD20E68}
		{D2F18EB7-DA0C-4340-9712-91F3E3FB6F53} = {EDF5A7CB-BC28-4609-9DA4-75BCCFD20E68}
		{FF03FCAA-CB14-4784-81BA-89527F982495} = {EDF5A7CB-BC28-4609-9DA4-75BCCFD20E68}
		{A8B40580-5C25-4274-8622-C10A544B1478} = {EDF5A7CB-BC28-4609-9DA4-75BCCFD20E68}
		{E44890FF-61B1-4E5F-A403-A98094E30C00} = {EDF5A7CB-BC28-4609-9DA4-75BCCFD20E68}
		{C8214FCD-607B-4E80-BAF2-1D177F88A0D9} = {EDF5A7CB-BC28-4609-9DA4-75BCCFD20E68}
		{0CA1E65C-914A-4986-B9ED-ABA38040AD89} = {E93D5C7D-35D0-4BC0-ADDE-E08061B991C8}
		{1542C578-7583-4E1E-B837-9958BF5D76E0} = {0CA1E65C-914A-4986-B9ED-ABA38040AD89}
		{DB02D603-1C95-4524-9A3B-C79CC7E02655} = {E93D5C7D-35D0-4BC0-ADDE-E08061B991C8}
		{2FC57448-519B-4F53-9229-2F3AC54E66B0} = {DB02D603-1C95-4524-9A3B-C79CC7E02655}
		{EF5CCA57-7159-49F8-8036-AED52C7EA791} = {B6FD53AE-C789-437A-982C-BA8693E938B3}
		{61B6CAFD-9593-4FF0-B404-891839FCAFD2} = {5E7AC1CD-EFE4-4FFF-8787-33F2281D69B7}
		{9635420B-D4A5-496A-8391-9391956DA7F6} = {5E7AC1CD-EFE4-4FFF-8787-33F2281D69B7}
		{513C523F-4493-459C-8089-2FD84BF016DC} = {5E7AC1CD-EFE4-4FFF-8787-33F2281D69B7}
		{B415E95C-383B-4FCB-BD99-DB44BE11E3DD} = {5E7AC1CD-EFE4-4FFF-8787-33F2281D69B7}
		{CAAA1C86-229A-4EBB-AA05-04385DA5B55D} = {5E7AC1CD-EFE4-4FFF-8787-33F2281D69B7}
		{5FBB213F-7C24-4D7D-BE74-A0AAF25F0365} = {5E7AC1CD-EFE4-4FFF-8787-33F2281D69B7}
		{DB5E8636-7422-4405-A041-682595F5B391} = {5E7AC1CD-EFE4-4FFF-8787-33F2281D69B7}
		{ED716103-0E45-49C9-993C-ADEBF52B4BCB} = {5E7AC1CD-EFE4-4FFF-8787-33F2281D69B7}
		{66D76265-15E8-4B3D-850D-A29CE6DFB9B6} = {5E7AC1CD-EFE4-4FFF-8787-33F2281D69B7}
		{BB5264FA-6DA1-40A9-8DC3-61F59281A737} = {5E7AC1CD-EFE4-4FFF-8787-33F2281D69B7}
		{8292B7B8-B7C1-45AB-A160-D9492A247B54} = {10965BCF-7AF7-4E83-A5C6-0BA86D77BCC8}
		{1D3D2B7B-E6CD-4FC4-B60E-1D29EDBB1FA9} = {10965BCF-7AF7-4E83-A5C6-0BA86D77BCC8}
		{4B79C5CD-F21B-4D14-AAB8-176E9856CDC8} = {10965BCF-7AF7-4E83-A5C6-0BA86D77BCC8}
		{47FD07F6-839E-4134-8C19-C1AD43FF7304} = {10965BCF-7AF7-4E83-A5C6-0BA86D77BCC8}
		{C86C1886-8F44-4BC9-BAD6-5B699BDCEE9F} = {10965BCF-7AF7-4E83-A5C6-0BA86D77BCC8}
		{83145790-4D36-4308-A4EA-8BD8560E1A03} = {10965BCF-7AF7-4E83-A5C6-0BA86D77BCC8}
		{81A8B2ED-268B-4096-A4CB-571A8AD7A839} = {10965BCF-7AF7-4E83-A5C6-0BA86D77BCC8}
		{E21D4CD5-99FC-413C-9CA2-82293BA9CD68} = {10965BCF-7AF7-4E83-A5C6-0BA86D77BCC8}
		{37C58F3D-B9BB-4582-A19D-52C88038BF63} = {10965BCF-7AF7-4E83-A5C6-0BA86D77BCC8}
		{9E964771-8ABE-419E-95E9-2477170A008D} = {10965BCF-7AF7-4E83-A5C6-0BA86D77BCC8}
		{803910DE-7453-4A20-BF3E-B543496A1A5D} = {85A0221A-1F6D-4C34-8105-8467B0663A31}
		{C050A071-D88D-45C6-9317-6C601442561A} = {85A0221A-1F6D-4C34-8105-8467B0663A31}
		{D7B1FC3A-317E-4526-BCF4-1B9A43F4E526} = {85A0221A-1F6D-4C34-8105-8467B0663A31}
		{E488DFEF-B276-4B85-9AE8-CF93FCEF425D} = {85A0221A-1F6D-4C34-8105-8467B0663A31}
		{D602BFE1-E2DB-4325-8C3E-C3198B0C44FA} = {85A0221A-1F6D-4C34-8105-8467B0663A31}
		{6A64B648-2765-4CA4-B318-2B7B1CBAF20B} = {85A0221A-1F6D-4C34-8105-8467B0663A31}
		{C3F9E700-C2A8-4429-9D70-8D90FE43600E} = {85A0221A-1F6D-4C34-8105-8467B0663A31}
		{B3F9D95B-0975-4C1F-AB6B-CB320C8F27E2} = {85A0221A-1F6D-4C34-8105-8467B0663A31}
		{A5BD83B9-51E2-4CB1-A4D6-3F7CDDAD03BC} = {85A0221A-1F6D-4C34-8105-8467B0663A31}
		{2E4915E0-AE74-4BB8-ABF8-6DB1CCC16DB2} = {85A0221A-1F6D-4C34-8105-8467B0663A31}
		{05C38162-84B4-4477-87B2-56004F59E6BB} = {F5283A6F-3645-439A-A132-97865A0CB8FB}
		{2D369930-FF7D-490D-82F8-1A6F009799E7} = {F5283A6F-3645-439A-A132-97865A0CB8FB}
		{2688365C-58C0-4219-8F87-D9D0C0BF21E8} = {F5283A6F-3645-439A-A132-97865A0CB8FB}
		{6362531D-B878-4136-8BAA-2EB45A25BF81} = {F5283A6F-3645-439A-A132-97865A0CB8FB}
		{EEE6E40F-EA45-4FF3-BB0A-C4350AD346B2} = {F5283A6F-3645-439A-A132-97865A0CB8FB}
		{C60A0767-DF78-4698-8AF6-4A7D850A54F5} = {F5283A6F-3645-439A-A132-97865A0CB8FB}
		{75A59795-0A94-454A-BAF6-8B258E96E7F0} = {F5283A6F-3645-439A-A132-97865A0CB8FB}
		{EF6EEAF1-62F9-4F72-B015-8FFC146AD422} = {F5283A6F-3645-439A-A132-97865A0CB8FB}
		{52F0667C-2D45-4B2A-8741-2F0ED11A6706} = {F5283A6F-3645-439A-A132-97865A0CB8FB}
		{07FA1006-1E2A-45F6-9F94-976C19CCF99E} = {F5283A6F-3645-439A-A132-97865A0CB8FB}
		{480D5061-132F-4487-A4FC-AE133D8649AB} = {559237CF-0391-4B0B-AC4B-A85E9613DCCA}
		{13E915CA-9599-457D-8EB0-92E366DEDBD6} = {559237CF-0391-4B0B-AC4B-A85E9613DCCA}
		{79F77776-D253-4775-9D76-30D5B3A26584} = {559237CF-0391-4B0B-AC4B-A85E9613DCCA}
		{E4863D8C-5754-491B-82D5-24ED508348D7} = {559237CF-0391-4B0B-AC4B-A85E9613DCCA}
		{2374B192-F190-47ED-A143-76CD0F9015E2} = {559237CF-0391-4B0B-AC4B-A85E9613DCCA}
		{5D957F90-55E7-4EAF-A6C9-9106104A6D4D} = {559237CF-0391-4B0B-AC4B-A85E9613DCCA}
		{0640405D-DB7B-44A2-8480-DD15539AB738} = {559237CF-0391-4B0B-AC4B-A85E9613DCCA}
		{4F96D5FC-6495-4040-BFE6-2F4BE8AC4BA0} = {559237CF-0391-4B0B-AC4B-A85E9613DCCA}
		{173122FE-6EC4-4959-9659-604662E61298} = {559237CF-0391-4B0B-AC4B-A85E9613DCCA}
		{9FAEE071-73D9-4CE4-BC0B-1CFBF1EE3556} = {559237CF-0391-4B0B-AC4B-A85E9613DCCA}
		{B0702B17-0C39-4DB7-AB51-08D2FC714B1A} = {CD026BE3-033B-432A-B2AB-AC46B0FC9580}
		{A2B5F319-7FBB-4559-BB24-6F8D847EE7D1} = {CD026BE3-033B-432A-B2AB-AC46B0FC9580}
		{05C7CA35-9209-4DB5-A567-48BDAA21472A} = {CD026BE3-033B-432A-B2AB-AC46B0FC9580}
		{1870C344-632B-4BA2-9873-8D7C0A2D98F7} = {CD026BE3-033B-432A-B2AB-AC46B0FC9580}
		{8AD9C60F-7ADF-4BB2-B9D2-76DC9924E2CD} = {6496DBDA-D167-413F-B5A3-4C3BFA803373}
		{4AAEAF3B-A2C4-46A8-A746-6CA56421D829} = {6496DBDA-D167-413F-B5A3-4C3BFA803373}
		{45FF354D-7D6E-498E-B9A1-5AEAC6AE7300} = {6496DBDA-D167-413F-B5A3-4C3BFA803373}
		{09701743-0ABC-4E1A-A088-14FACB5654A3} = {6496DBDA-D167-413F-B5A3-4C3BFA803373}
		{01B1795F-381C-4C35-85F7-3C7D80D28788} = {9912C4D4-ED4B-4BA0-B482-57332FD6EB3D}
		{958094C7-2307-4D40-90A1-FCBC7328850A} = {9912C4D4-ED4B-4BA0-B482-57332FD6EB3D}
		{57F92251-30DD-459B-9FD6-0EBBE7D61D9A} = {9912C4D4-ED4B-4BA0-B482-57332FD6EB3D}
		{BD7DF7A1-4876-40D9-814A-3FC6AC5C172E} = {9912C4D4-ED4B-4BA0-B482-57332FD6EB3D}
		{2A7C0D26-3089-4C62-AA43-F4AE22572D62} = {8FC31562-6DC6-433B-BB5E-B6EAF57F96F0}
		{44B6B851-B7BB-4A72-9903-581C30F97CA9} = {5345DC50-4DD7-4081-92AF-0CA416DA2411}
		{636DF9F2-5649-44AB-B0D5-8337CC8D8DCC} = {44B6B851-B7BB-4A72-9903-581C30F97CA9}
		{F2967AF4-BFA0-4BA2-8F54-993CB1196038} = {44B6B851-B7BB-4A72-9903-581C30F97CA9}
		{4E8A06E1-5888-4CC9-B079-E31C6068901A} = {5345DC50-4DD7-4081-92AF-0CA416DA2411}
		{92659A8D-13C5-49D6-BDD1-E9A9B9372C41} = {4E8A06E1-5888-4CC9-B079-E31C6068901A}
		{E3F4A84F-DB3B-4237-A392-F484AB57867F} = {4E8A06E1-5888-4CC9-B079-E31C6068901A}
		{4F6A27F6-C85F-4EDE-AC22-A956AB205835} = {ACBF200F-1EB8-43FD-8E11-BECC0EF4A36B}
		{F26D8C34-3577-41E6-8757-BF0174819C02} = {4F6A27F6-C85F-4EDE-AC22-A956AB205835}
		{DFEA021F-2BBD-401E-89E8-B5605C46405B} = {4F6A27F6-C85F-4EDE-AC22-A956AB205835}
		{6E99CA8D-BF5D-42D9-9214-39B36616A0C6} = {EF59061F-9656-4914-976B-8DDC28C1A638}
		{50417070-6C3E-4837-A28E-C8C26892DDB3} = {6E99CA8D-BF5D-42D9-9214-39B36616A0C6}
		{09A62677-9C07-4941-800E-05D4F4BF200D} = {6E99CA8D-BF5D-42D9-9214-39B36616A0C6}
		{7E82284C-67BA-4337-A254-71682F2CDB0B} = {FEA93D25-650E-4A08-A768-5956540846E4}
		{DFFDE742-ACBF-4336-9EF0-D840215FB609} = {E6477CD9-19C4-4A95-A2DD-276A4AE26524}
		{07DA4B5C-0FD1-42E7-9E18-FD31126C34FF} = {F9E110F8-3864-484A-B8CD-F80C76D5713D}
		{6B43B6C3-DB10-4CFF-9461-822C9BB50214} = {F9E110F8-3864-484A-B8CD-F80C76D5713D}
		{3A60158D-7D1C-4B93-AD72-D777F31E088A} = {F977241C-65AE-4B75-98CC-9DDBB474BBF3}
		{D773D0A5-15B8-44FD-A4FC-A41733E9B268} = {3A60158D-7D1C-4B93-AD72-D777F31E088A}
		{ABECD8A6-0A32-48C7-AFDA-0B01C0B72CF3} = {3A60158D-7D1C-4B93-AD72-D777F31E088A}
		{4DB2E82F-AF90-4021-B5AA-7FF403B61AEA} = {FE6B17AB-CA40-46D4-AA74-135358A123C2}
		{8A23123A-E3AC-4FCA-8B20-AA7011FBBB81} = {4DB2E82F-AF90-4021-B5AA-7FF403B61AEA}
		{0549E339-1648-495E-82CB-B4B798F54C5E} = {4DB2E82F-AF90-4021-B5AA-7FF403B61AEA}
		{98842807-7D49-4A47-826B-E380BB78FCAF} = {FE6B17AB-CA40-46D4-AA74-135358A123C2}
		{9296B2B9-0118-4747-85DE-E3BF4943BBED} = {98842807-7D49-4A47-826B-E380BB78FCAF}
		{56B67020-1CDC-45AE-82A7-72CA4A4EA803} = {98842807-7D49-4A47-826B-E380BB78FCAF}
		{ABA9854F-63B0-40C3-8A4B-10502739708B} = {545BA24F-BC70-4A32-9FCB-BCD6279E87B8}
		{50945F99-BCB8-4D54-85DF-72618E88B177} = {545BA24F-BC70-4A32-9FCB-BCD6279E87B8}
		{B64C9B92-2174-4580-82BA-8C9FCD9A3016} = {545BA24F-BC70-4A32-9FCB-BCD6279E87B8}
		{72AF486D-77CE-4D89-A6EC-274066275EA4} = {545BA24F-BC70-4A32-9FCB-BCD6279E87B8}
		{08BF451C-C267-4A0F-AE4F-695571B77763} = {545BA24F-BC70-4A32-9FCB-BCD6279E87B8}
		{85761CD1-F968-4F18-BFC3-C8A9B1A073F1} = {545BA24F-BC70-4A32-9FCB-BCD6279E87B8}
		{FF70F37F-FA84-42A9-96BB-A88C50F32D23} = {545BA24F-BC70-4A32-9FCB-BCD6279E87B8}
		{0BB355E7-FC60-463B-ADA9-8619102BFCA2} = {52495BF7-42E8-46B1-91EF-36291B47F6ED}
		{0B0BE4DC-7C59-4D7C-A681-764CDE6B5760} = {52495BF7-42E8-46B1-91EF-36291B47F6ED}
	EndGlobalSection
EndGlobal
