Microsoft Visual Studio Solution File, Format Version 12.00
# Visual Studio Version 17
VisualStudioVersion = 17.5.2.0
MinimumVisualStudioVersion = 10.0.40219.1
Project("{FAE04EC0-301F-11D3-BF4B-00C04F79EFBC}") = "StudentSystem", "StudentSystem.csproj", "{C37F96AA-CE81-A48B-0728-07CBC5FAC89F}"
EndProject
Global
	GlobalSection(SolutionConfigurationPlatforms) = preSolution
		Debug|Any CPU = Debug|Any CPU
		Release|Any CPU = Release|Any CPU
	EndGlobalSection
	GlobalSection(ProjectConfigurationPlatforms) = postSolution
		{C37F96AA-CE81-A48B-0728-07CBC5FAC89F}.Debug|Any CPU.ActiveCfg = Debug|Any CPU
		{C37F96AA-CE81-A48B-0728-07CBC5FAC89F}.Debug|Any CPU.Build.0 = Debug|Any CPU
		{C37F96AA-CE81-A48B-0728-07CBC5FAC89F}.Release|Any CPU.ActiveCfg = Release|Any CPU
		{C37F96AA-CE81-A48B-0728-07CBC5FAC89F}.Release|Any CPU.Build.0 = Release|Any CPU
	EndGlobalSection
	GlobalSection(SolutionProperties) = preSolution
		HideSolutionNode = FALSE
	EndGlobalSection
	GlobalSection(ExtensibilityGlobals) = postSolution
		SolutionGuid = {A4F0FB3C-3855-4F9F-A6F2-087F1E025BE9}
	EndGlobalSection
EndGlobal
