Microsoft Visual Studio Solution File, Format Version 12.00
# Visual Studio Version 17
VisualStudioVersion = 17.5.2.0
MinimumVisualStudioVersion = 10.0.40219.1
Project("{FAE04EC0-301F-11D3-BF4B-00C04F79EFBC}") = "Consoel", "Consoel\Consoel.csproj", "{6FBC08A1-778F-05B8-29A0-AA25E73A6506}"
EndProject
Global
	GlobalSection(SolutionConfigurationPlatforms) = preSolution
		Debug|Any CPU = Debug|Any CPU
		Release|Any CPU = Release|Any CPU
	EndGlobalSection
	GlobalSection(ProjectConfigurationPlatforms) = postSolution
		{6FBC08A1-778F-05B8-29A0-AA25E73A6506}.Debug|Any CPU.ActiveCfg = Debug|Any CPU
		{6FBC08A1-778F-05B8-29A0-AA25E73A6506}.Debug|Any CPU.Build.0 = Debug|Any CPU
		{6FBC08A1-778F-05B8-29A0-AA25E73A6506}.Release|Any CPU.ActiveCfg = Release|Any CPU
		{6FBC08A1-778F-05B8-29A0-AA25E73A6506}.Release|Any CPU.Build.0 = Release|Any CPU
	EndGlobalSection
	GlobalSection(SolutionProperties) = preSolution
		HideSolutionNode = FALSE
	EndGlobalSection
	GlobalSection(ExtensibilityGlobals) = postSolution
		SolutionGuid = {88BE2AF8-4E7E-4E7A-9900-002F159A813E}
	EndGlobalSection
EndGlobal
